PODS:
  - DebugScreen (0.1.0):
    - ReactiveDataDisplayManager
    - SurfUtils/KeyboardPresentable
  - ReactiveDataDisplayManager (5.0.1)
  - SurfUtils/KeyboardPresentable (12.1.0)

DEPENDENCIES:
  - DebugScreen (from `../`)
  - ReactiveDataDisplayManager (from `https://github.com/surfstudio/ReactiveDataDisplayManager`, tag `5.0.1`)
  - SurfUtils/KeyboardPresentable (from `https://github.com/surfstudio/iOS-Utils`, commit `93c771258a88a5711f9d4851ec8a464035351616`)

EXTERNAL SOURCES:
  DebugScreen:
    :path: "../"
  ReactiveDataDisplayManager:
    :git: https://github.com/surfstudio/ReactiveDataDisplayManager
    :tag: 5.0.1
  SurfUtils:
    :commit: 93c771258a88a5711f9d4851ec8a464035351616
    :git: https://github.com/surfstudio/iOS-Utils

CHECKOUT OPTIONS:
  ReactiveDataDisplayManager:
    :git: https://github.com/surfstudio/ReactiveDataDisplayManager
    :tag: 5.0.1
  SurfUtils:
    :commit: 93c771258a88a5711f9d4851ec8a464035351616
    :git: https://github.com/surfstudio/iOS-Utils

SPEC CHECKSUMS:
  DebugScreen: 8b77f607aa640de31f2e4ba5e79bbda82ec41a49
  ReactiveDataDisplayManager: 2e394d7baa86eb6399e36dc2c0bb637afaa311e0
  SurfUtils: 3f776686185fc8d403bd446d4680eac840714546

PODFILE CHECKSUM: 48d820936cc6f0c6e784c816317a67b9a258a293

COCOAPODS: 1.10.0
