// !$*UTF8*$!
{
	archiveVersion = 1;
	classes = {
	};
	objectVersion = 55;
	objects = {

/* Begin PBXBuildFile section */
		A4301A65285A462F006B77C0 /* DebugScreenTests.swift in Sources */ = {isa = PBXBuildFile; fileRef = A43019E6285A3137006B77C0 /* DebugScreenTests.swift */; };
		A47BDB42286A1249002326B8 /* Colors.xcassets in Resources */ = {isa = PBXBuildFile; fileRef = A47BDB38286A1249002326B8 /* Colors.xcassets */; };
		A47BDB43286A1249002326B8 /* Colors.swift in Sources */ = {isa = PBXBuildFile; fileRef = A47BDB39286A1249002326B8 /* Colors.swift */; };
		A47BDB44286A1249002326B8 /* Assets.swift in Sources */ = {isa = PBXBuildFile; fileRef = A47BDB3B286A1249002326B8 /* Assets.swift */; };
		A47BDB45286A1249002326B8 /* Assets.xcassets in Resources */ = {isa = PBXBuildFile; fileRef = A47BDB3C286A1249002326B8 /* Assets.xcassets */; };
		A47BDB47286A124A002326B8 /* Localizable.strings in Resources */ = {isa = PBXBuildFile; fileRef = A47BDB3F286A1249002326B8 /* Localizable.strings */; };
		A47BDB49286A13AC002326B8 /* Strings.swift in Sources */ = {isa = PBXBuildFile; fileRef = A47BDB48286A13AC002326B8 /* Strings.swift */; };
		A48C764C2850F828004FFAAB /* DebugScreen.framework in Frameworks */ = {isa = PBXBuildFile; fileRef = A48C76412850F828004FFAAB /* DebugScreen.framework */; };
		A4BDF49228512F7700651C61 /* MainRouter.swift in Sources */ = {isa = PBXBuildFile; fileRef = A4BDF48128512F7700651C61 /* MainRouter.swift */; };
		A4BDF49328512F7700651C61 /* Array.swift in Sources */ = {isa = PBXBuildFile; fileRef = A4BDF48328512F7700651C61 /* Array.swift */; };
		A4BDF49428512F7700651C61 /* NSObject.swift in Sources */ = {isa = PBXBuildFile; fileRef = A4BDF48528512F7700651C61 /* NSObject.swift */; };
		A4BDF49528512F7700651C61 /* UITableView.swift in Sources */ = {isa = PBXBuildFile; fileRef = A4BDF48628512F7700651C61 /* UITableView.swift */; };
		A4BDF49628512F7700651C61 /* UIViewController.swift in Sources */ = {isa = PBXBuildFile; fileRef = A4BDF48728512F7700651C61 /* UIViewController.swift */; };
		A4BDF49728512F7700651C61 /* UIWindow.swift in Sources */ = {isa = PBXBuildFile; fileRef = A4BDF48828512F7700651C61 /* UIWindow.swift */; };
		A4BDF49828512F7700651C61 /* UIApplication.swift in Sources */ = {isa = PBXBuildFile; fileRef = A4BDF48928512F7700651C61 /* UIApplication.swift */; };
		A4BDF49928512F7700651C61 /* Bundle.swift in Sources */ = {isa = PBXBuildFile; fileRef = A4BDF48A28512F7700651C61 /* Bundle.swift */; };
		A4BDF49A28512F7700651C61 /* DeepLinkOption.swift in Sources */ = {isa = PBXBuildFile; fileRef = A4BDF48C28512F7700651C61 /* DeepLinkOption.swift */; };
		A4BDF49B28512F7700651C61 /* BaseCoordinator.swift in Sources */ = {isa = PBXBuildFile; fileRef = A4BDF48D28512F7700651C61 /* BaseCoordinator.swift */; };
		A4BDF49C28512F7700651C61 /* Presentable.swift in Sources */ = {isa = PBXBuildFile; fileRef = A4BDF48F28512F7700651C61 /* Presentable.swift */; };
		A4BDF49D28512F7700651C61 /* Router.swift in Sources */ = {isa = PBXBuildFile; fileRef = A4BDF49028512F7700651C61 /* Router.swift */; };
		A4BDF49E28512F7700651C61 /* Coordinator.swift in Sources */ = {isa = PBXBuildFile; fileRef = A4BDF49128512F7700651C61 /* Coordinator.swift */; };
		A4BDF4B928512FAA00651C61 /* MainModuleInput.swift in Sources */ = {isa = PBXBuildFile; fileRef = A4BDF4A228512FAA00651C61 /* MainModuleInput.swift */; };
		A4BDF4BA28512FAA00651C61 /* MainModuleOutput.swift in Sources */ = {isa = PBXBuildFile; fileRef = A4BDF4A328512FAA00651C61 /* MainModuleOutput.swift */; };
		A4BDF4BB28512FAA00651C61 /* MainModulePresenter.swift in Sources */ = {isa = PBXBuildFile; fileRef = A4BDF4A428512FAA00651C61 /* MainModulePresenter.swift */; };
		A4BDF4BE28512FAA00651C61 /* SwitcherCell.xib in Resources */ = {isa = PBXBuildFile; fileRef = A4BDF4AB28512FAA00651C61 /* SwitcherCell.xib */; };
		A4BDF4BF28512FAA00651C61 /* SwitcherCell.swift in Sources */ = {isa = PBXBuildFile; fileRef = A4BDF4AC28512FAA00651C61 /* SwitcherCell.swift */; };
		A4BDF4C228512FAA00651C61 /* MainViewInput.swift in Sources */ = {isa = PBXBuildFile; fileRef = A4BDF4B028512FAA00651C61 /* MainViewInput.swift */; };
		A4BDF4C328512FAA00651C61 /* MainViewController.xib in Resources */ = {isa = PBXBuildFile; fileRef = A4BDF4B128512FAA00651C61 /* MainViewController.xib */; };
		A4BDF4C428512FAA00651C61 /* MainViewOutput.swift in Sources */ = {isa = PBXBuildFile; fileRef = A4BDF4B228512FAA00651C61 /* MainViewOutput.swift */; };
		A4BDF4C528512FAA00651C61 /* MainViewController.swift in Sources */ = {isa = PBXBuildFile; fileRef = A4BDF4B328512FAA00651C61 /* MainViewController.swift */; };
		A4BDF4C628512FAA00651C61 /* MainAdapter.swift in Sources */ = {isa = PBXBuildFile; fileRef = A4BDF4B528512FAA00651C61 /* MainAdapter.swift */; };
		A4BDF4C728512FAA00651C61 /* MainModuleConfigurator.swift in Sources */ = {isa = PBXBuildFile; fileRef = A4BDF4B728512FAA00651C61 /* MainModuleConfigurator.swift */; };
		A4BDF4C828512FAA00651C61 /* DebugScreenCoordinator.swift in Sources */ = {isa = PBXBuildFile; fileRef = A4BDF4B828512FAA00651C61 /* DebugScreenCoordinator.swift */; };
		A4BDF4D028512FB000651C61 /* LogCatcherService.swift in Sources */ = {isa = PBXBuildFile; fileRef = A4BDF4CB28512FB000651C61 /* LogCatcherService.swift */; };
		A4BDF4D128512FB000651C61 /* DebugScreenPresenterService.swift in Sources */ = {isa = PBXBuildFile; fileRef = A4BDF4CC28512FB000651C61 /* DebugScreenPresenterService.swift */; };
		A4BDF4D528512FB500651C61 /* DebugScreenConfiguration.swift in Sources */ = {isa = PBXBuildFile; fileRef = A4BDF4D428512FB500651C61 /* DebugScreenConfiguration.swift */; };
		A4D337562863A7AA002328F2 /* TableSection.swift in Sources */ = {isa = PBXBuildFile; fileRef = A4D337552863A7AA002328F2 /* TableSection.swift */; };
		B237FF5D2A28CBB90095FA33 /* LoggerActivationToggle.swift in Sources */ = {isa = PBXBuildFile; fileRef = B237FF5C2A28CBB90095FA33 /* LoggerActivationToggle.swift */; };
		B237FF632A2912D10095FA33 /* MainTableBlock.swift in Sources */ = {isa = PBXBuildFile; fileRef = B237FF622A2912D10095FA33 /* MainTableBlock.swift */; };
		B237FF652A2913DF0095FA33 /* LoggerSectionComponent.swift in Sources */ = {isa = PBXBuildFile; fileRef = B237FF642A2913DF0095FA33 /* LoggerSectionComponent.swift */; };
		B24B27E12A37152C00624E29 /* AlertModel.swift in Sources */ = {isa = PBXBuildFile; fileRef = B24B27E02A37152C00624E29 /* AlertModel.swift */; };
		B24B27E32A37153800624E29 /* FileViewerModel.swift in Sources */ = {isa = PBXBuildFile; fileRef = B24B27E22A37153800624E29 /* FileViewerModel.swift */; };
		B24B27E72A37161300624E29 /* ModuleType.swift in Sources */ = {isa = PBXBuildFile; fileRef = B24B27E62A37161300624E29 /* ModuleType.swift */; };
		B2610E212A16D90600509FA1 /* FileViewerModuleConfigurator.swift in Sources */ = {isa = PBXBuildFile; fileRef = B2610E202A16D90600509FA1 /* FileViewerModuleConfigurator.swift */; };
		B2610E242A16DCC300509FA1 /* SimpleAlertModuleConfigurator.swift in Sources */ = {isa = PBXBuildFile; fileRef = B2610E232A16DCC300509FA1 /* SimpleAlertModuleConfigurator.swift */; };
		B28F97E42A271F980089C032 /* Action.swift in Sources */ = {isa = PBXBuildFile; fileRef = B28F97E32A271F980089C032 /* Action.swift */; };
		B28F97E62A271FA30089C032 /* ActionList.swift in Sources */ = {isa = PBXBuildFile; fileRef = B28F97E52A271FA30089C032 /* ActionList.swift */; };
		B28F97E82A271FAF0089C032 /* FeatureToggle.swift in Sources */ = {isa = PBXBuildFile; fileRef = B28F97E72A271FAF0089C032 /* FeatureToggle.swift */; };
		B28F97EA2A271FC00089C032 /* CopiedText.swift in Sources */ = {isa = PBXBuildFile; fileRef = B28F97E92A271FC00089C032 /* CopiedText.swift */; };
		B28F97EC2A271FF30089C032 /* SelectionList.swift in Sources */ = {isa = PBXBuildFile; fileRef = B28F97EB2A271FF30089C032 /* SelectionList.swift */; };
		B28F97EF2A2723AA0089C032 /* HeaderView.swift in Sources */ = {isa = PBXBuildFile; fileRef = B28F97EE2A2723AA0089C032 /* HeaderView.swift */; };
		B28F97F32A2728560089C032 /* ButtonCell.swift in Sources */ = {isa = PBXBuildFile; fileRef = B28F97F12A2728560089C032 /* ButtonCell.swift */; };
		B28F97F42A2728560089C032 /* ButtonCell.xib in Resources */ = {isa = PBXBuildFile; fileRef = B28F97F22A2728560089C032 /* ButtonCell.xib */; };
		B28F97F72A27288D0089C032 /* ButtonCellModel.swift in Sources */ = {isa = PBXBuildFile; fileRef = B28F97F62A27288D0089C032 /* ButtonCellModel.swift */; };
		B28F97F92A27313E0089C032 /* UIImage.swift in Sources */ = {isa = PBXBuildFile; fileRef = B28F97F82A27313E0089C032 /* UIImage.swift */; };
		B28F97FB2A27315B0089C032 /* UIButton.swift in Sources */ = {isa = PBXBuildFile; fileRef = B28F97FA2A27315B0089C032 /* UIButton.swift */; };
		B28F97FF2A2753120089C032 /* SelectorCell.swift in Sources */ = {isa = PBXBuildFile; fileRef = B28F97FD2A2753120089C032 /* SelectorCell.swift */; };
		B28F98002A2753120089C032 /* SelectorCell.xib in Resources */ = {isa = PBXBuildFile; fileRef = B28F97FE2A2753120089C032 /* SelectorCell.xib */; };
		B28F98062A27B30D0089C032 /* CopiedTextCell.swift in Sources */ = {isa = PBXBuildFile; fileRef = B28F98042A27B30D0089C032 /* CopiedTextCell.swift */; };
		B28F98072A27B30D0089C032 /* CopiedTextCell.xib in Resources */ = {isa = PBXBuildFile; fileRef = B28F98052A27B30D0089C032 /* CopiedTextCell.xib */; };
		B28F98122A27E0EE0089C032 /* LoggerSectionBuilder.swift in Sources */ = {isa = PBXBuildFile; fileRef = B28F98112A27E0EE0089C032 /* LoggerSectionBuilder.swift */; };
		B28F98142A27E17F0089C032 /* SectionBuilder.swift in Sources */ = {isa = PBXBuildFile; fileRef = B28F98132A27E17F0089C032 /* SectionBuilder.swift */; };
		B28F98172A27E2040089C032 /* LoggerAction.swift in Sources */ = {isa = PBXBuildFile; fileRef = B28F98162A27E2040089C032 /* LoggerAction.swift */; };
		B28F98192A27E2920089C032 /* LoggerStreamCatcherToggle.swift in Sources */ = {isa = PBXBuildFile; fileRef = B28F98182A27E2920089C032 /* LoggerStreamCatcherToggle.swift */; };
		B29DB2BD2A2CAB8E008250B0 /* ActionStyle.swift in Sources */ = {isa = PBXBuildFile; fileRef = B29DB2BC2A2CAB8D008250B0 /* ActionStyle.swift */; };
		B2C65D122A4571E0004DC80D /* UITableViewCell.swift in Sources */ = {isa = PBXBuildFile; fileRef = B2C65D112A4571E0004DC80D /* UITableViewCell.swift */; };
		B2CA74DB2A1743A900E91B24 /* FileViewerModuleInput.swift in Sources */ = {isa = PBXBuildFile; fileRef = B2CA74DA2A1743A900E91B24 /* FileViewerModuleInput.swift */; };
		B2CA74DD2A1743B700E91B24 /* FileViewerModuleOutput.swift in Sources */ = {isa = PBXBuildFile; fileRef = B2CA74DC2A1743B700E91B24 /* FileViewerModuleOutput.swift */; };
		B2CA74DF2A1743C700E91B24 /* FileViewerPresenter.swift in Sources */ = {isa = PBXBuildFile; fileRef = B2CA74DE2A1743C700E91B24 /* FileViewerPresenter.swift */; };
		B2CA74E12A1744E300E91B24 /* FileViewerViewInput.swift in Sources */ = {isa = PBXBuildFile; fileRef = B2CA74E02A1744E300E91B24 /* FileViewerViewInput.swift */; };
		B2CA74E32A1744F300E91B24 /* FileViewerViewOutput.swift in Sources */ = {isa = PBXBuildFile; fileRef = B2CA74E22A1744F300E91B24 /* FileViewerViewOutput.swift */; };
		B2CA74E82A175D7700E91B24 /* FileViewerViewController.swift in Sources */ = {isa = PBXBuildFile; fileRef = B2CA74E62A175D7700E91B24 /* FileViewerViewController.swift */; };
		B2CA74E92A175D7700E91B24 /* FileViewerViewController.xib in Resources */ = {isa = PBXBuildFile; fileRef = B2CA74E72A175D7700E91B24 /* FileViewerViewController.xib */; };
/* End PBXBuildFile section */

/* Begin PBXFileReference section */
		A43019E6285A3137006B77C0 /* DebugScreenTests.swift */ = {isa = PBXFileReference; fileEncoding = 4; lastKnownFileType = sourcecode.swift; path = DebugScreenTests.swift; sourceTree = "<group>"; };
		A47BDB38286A1249002326B8 /* Colors.xcassets */ = {isa = PBXFileReference; lastKnownFileType = folder.assetcatalog; path = Colors.xcassets; sourceTree = "<group>"; };
		A47BDB39286A1249002326B8 /* Colors.swift */ = {isa = PBXFileReference; fileEncoding = 4; lastKnownFileType = sourcecode.swift; path = Colors.swift; sourceTree = "<group>"; };
		A47BDB3B286A1249002326B8 /* Assets.swift */ = {isa = PBXFileReference; fileEncoding = 4; lastKnownFileType = sourcecode.swift; path = Assets.swift; sourceTree = "<group>"; };
		A47BDB3C286A1249002326B8 /* Assets.xcassets */ = {isa = PBXFileReference; lastKnownFileType = folder.assetcatalog; path = Assets.xcassets; sourceTree = "<group>"; };
		A47BDB40286A1249002326B8 /* en */ = {isa = PBXFileReference; lastKnownFileType = text.plist.strings; name = en; path = en.lproj/Localizable.strings; sourceTree = "<group>"; };
		A47BDB41286A1249002326B8 /* ru */ = {isa = PBXFileReference; lastKnownFileType = text.plist.strings; name = ru; path = ru.lproj/Localizable.strings; sourceTree = "<group>"; };
		A47BDB48286A13AC002326B8 /* Strings.swift */ = {isa = PBXFileReference; fileEncoding = 4; lastKnownFileType = sourcecode.swift; path = Strings.swift; sourceTree = "<group>"; };
		A48C76412850F828004FFAAB /* DebugScreen.framework */ = {isa = PBXFileReference; explicitFileType = wrapper.framework; includeInIndex = 0; path = DebugScreen.framework; sourceTree = BUILT_PRODUCTS_DIR; };
		A48C764B2850F828004FFAAB /* DebugScreenTests.xctest */ = {isa = PBXFileReference; explicitFileType = wrapper.cfbundle; includeInIndex = 0; path = DebugScreenTests.xctest; sourceTree = BUILT_PRODUCTS_DIR; };
		A4BDF48128512F7700651C61 /* MainRouter.swift */ = {isa = PBXFileReference; fileEncoding = 4; lastKnownFileType = sourcecode.swift; path = MainRouter.swift; sourceTree = "<group>"; };
		A4BDF48328512F7700651C61 /* Array.swift */ = {isa = PBXFileReference; fileEncoding = 4; lastKnownFileType = sourcecode.swift; path = Array.swift; sourceTree = "<group>"; };
		A4BDF48528512F7700651C61 /* NSObject.swift */ = {isa = PBXFileReference; fileEncoding = 4; lastKnownFileType = sourcecode.swift; path = NSObject.swift; sourceTree = "<group>"; };
		A4BDF48628512F7700651C61 /* UITableView.swift */ = {isa = PBXFileReference; fileEncoding = 4; lastKnownFileType = sourcecode.swift; path = UITableView.swift; sourceTree = "<group>"; };
		A4BDF48728512F7700651C61 /* UIViewController.swift */ = {isa = PBXFileReference; fileEncoding = 4; lastKnownFileType = sourcecode.swift; path = UIViewController.swift; sourceTree = "<group>"; };
		A4BDF48828512F7700651C61 /* UIWindow.swift */ = {isa = PBXFileReference; fileEncoding = 4; lastKnownFileType = sourcecode.swift; path = UIWindow.swift; sourceTree = "<group>"; };
		A4BDF48928512F7700651C61 /* UIApplication.swift */ = {isa = PBXFileReference; fileEncoding = 4; lastKnownFileType = sourcecode.swift; path = UIApplication.swift; sourceTree = "<group>"; };
		A4BDF48A28512F7700651C61 /* Bundle.swift */ = {isa = PBXFileReference; fileEncoding = 4; lastKnownFileType = sourcecode.swift; path = Bundle.swift; sourceTree = "<group>"; };
		A4BDF48C28512F7700651C61 /* DeepLinkOption.swift */ = {isa = PBXFileReference; fileEncoding = 4; lastKnownFileType = sourcecode.swift; path = DeepLinkOption.swift; sourceTree = "<group>"; };
		A4BDF48D28512F7700651C61 /* BaseCoordinator.swift */ = {isa = PBXFileReference; fileEncoding = 4; lastKnownFileType = sourcecode.swift; path = BaseCoordinator.swift; sourceTree = "<group>"; };
		A4BDF48F28512F7700651C61 /* Presentable.swift */ = {isa = PBXFileReference; fileEncoding = 4; lastKnownFileType = sourcecode.swift; path = Presentable.swift; sourceTree = "<group>"; };
		A4BDF49028512F7700651C61 /* Router.swift */ = {isa = PBXFileReference; fileEncoding = 4; lastKnownFileType = sourcecode.swift; path = Router.swift; sourceTree = "<group>"; };
		A4BDF49128512F7700651C61 /* Coordinator.swift */ = {isa = PBXFileReference; fileEncoding = 4; lastKnownFileType = sourcecode.swift; path = Coordinator.swift; sourceTree = "<group>"; };
		A4BDF4A228512FAA00651C61 /* MainModuleInput.swift */ = {isa = PBXFileReference; fileEncoding = 4; lastKnownFileType = sourcecode.swift; path = MainModuleInput.swift; sourceTree = "<group>"; };
		A4BDF4A328512FAA00651C61 /* MainModuleOutput.swift */ = {isa = PBXFileReference; fileEncoding = 4; lastKnownFileType = sourcecode.swift; path = MainModuleOutput.swift; sourceTree = "<group>"; };
		A4BDF4A428512FAA00651C61 /* MainModulePresenter.swift */ = {isa = PBXFileReference; fileEncoding = 4; lastKnownFileType = sourcecode.swift; path = MainModulePresenter.swift; sourceTree = "<group>"; };
		A4BDF4AB28512FAA00651C61 /* SwitcherCell.xib */ = {isa = PBXFileReference; fileEncoding = 4; lastKnownFileType = file.xib; path = SwitcherCell.xib; sourceTree = "<group>"; };
		A4BDF4AC28512FAA00651C61 /* SwitcherCell.swift */ = {isa = PBXFileReference; fileEncoding = 4; lastKnownFileType = sourcecode.swift; path = SwitcherCell.swift; sourceTree = "<group>"; };
		A4BDF4B028512FAA00651C61 /* MainViewInput.swift */ = {isa = PBXFileReference; fileEncoding = 4; lastKnownFileType = sourcecode.swift; path = MainViewInput.swift; sourceTree = "<group>"; };
		A4BDF4B128512FAA00651C61 /* MainViewController.xib */ = {isa = PBXFileReference; fileEncoding = 4; lastKnownFileType = file.xib; path = MainViewController.xib; sourceTree = "<group>"; };
		A4BDF4B228512FAA00651C61 /* MainViewOutput.swift */ = {isa = PBXFileReference; fileEncoding = 4; lastKnownFileType = sourcecode.swift; path = MainViewOutput.swift; sourceTree = "<group>"; };
		A4BDF4B328512FAA00651C61 /* MainViewController.swift */ = {isa = PBXFileReference; fileEncoding = 4; lastKnownFileType = sourcecode.swift; path = MainViewController.swift; sourceTree = "<group>"; };
		A4BDF4B528512FAA00651C61 /* MainAdapter.swift */ = {isa = PBXFileReference; fileEncoding = 4; lastKnownFileType = sourcecode.swift; path = MainAdapter.swift; sourceTree = "<group>"; };
		A4BDF4B728512FAA00651C61 /* MainModuleConfigurator.swift */ = {isa = PBXFileReference; fileEncoding = 4; lastKnownFileType = sourcecode.swift; path = MainModuleConfigurator.swift; sourceTree = "<group>"; };
		A4BDF4B828512FAA00651C61 /* DebugScreenCoordinator.swift */ = {isa = PBXFileReference; fileEncoding = 4; lastKnownFileType = sourcecode.swift; path = DebugScreenCoordinator.swift; sourceTree = "<group>"; };
		A4BDF4CB28512FB000651C61 /* LogCatcherService.swift */ = {isa = PBXFileReference; fileEncoding = 4; lastKnownFileType = sourcecode.swift; path = LogCatcherService.swift; sourceTree = "<group>"; };
		A4BDF4CC28512FB000651C61 /* DebugScreenPresenterService.swift */ = {isa = PBXFileReference; fileEncoding = 4; lastKnownFileType = sourcecode.swift; path = DebugScreenPresenterService.swift; sourceTree = "<group>"; };
		A4BDF4D428512FB500651C61 /* DebugScreenConfiguration.swift */ = {isa = PBXFileReference; fileEncoding = 4; lastKnownFileType = sourcecode.swift; path = DebugScreenConfiguration.swift; sourceTree = "<group>"; };
		A4D337552863A7AA002328F2 /* TableSection.swift */ = {isa = PBXFileReference; lastKnownFileType = sourcecode.swift; path = TableSection.swift; sourceTree = "<group>"; };
		A4F267192858EFE60096AB68 /* Info.plist */ = {isa = PBXFileReference; lastKnownFileType = text.plist.xml; name = Info.plist; path = DebugScreen/Info.plist; sourceTree = SOURCE_ROOT; };
		B237FF5C2A28CBB90095FA33 /* LoggerActivationToggle.swift */ = {isa = PBXFileReference; lastKnownFileType = sourcecode.swift; path = LoggerActivationToggle.swift; sourceTree = "<group>"; };
		B237FF622A2912D10095FA33 /* MainTableBlock.swift */ = {isa = PBXFileReference; lastKnownFileType = sourcecode.swift; path = MainTableBlock.swift; sourceTree = "<group>"; };
		B237FF642A2913DF0095FA33 /* LoggerSectionComponent.swift */ = {isa = PBXFileReference; lastKnownFileType = sourcecode.swift; path = LoggerSectionComponent.swift; sourceTree = "<group>"; };
		B24B27E02A37152C00624E29 /* AlertModel.swift */ = {isa = PBXFileReference; lastKnownFileType = sourcecode.swift; path = AlertModel.swift; sourceTree = "<group>"; };
		B24B27E22A37153800624E29 /* FileViewerModel.swift */ = {isa = PBXFileReference; lastKnownFileType = sourcecode.swift; path = FileViewerModel.swift; sourceTree = "<group>"; };
		B24B27E62A37161300624E29 /* ModuleType.swift */ = {isa = PBXFileReference; lastKnownFileType = sourcecode.swift; path = ModuleType.swift; sourceTree = "<group>"; };
		B2610E202A16D90600509FA1 /* FileViewerModuleConfigurator.swift */ = {isa = PBXFileReference; fileEncoding = 4; lastKnownFileType = sourcecode.swift; path = FileViewerModuleConfigurator.swift; sourceTree = "<group>"; };
		B2610E232A16DCC300509FA1 /* SimpleAlertModuleConfigurator.swift */ = {isa = PBXFileReference; lastKnownFileType = sourcecode.swift; path = SimpleAlertModuleConfigurator.swift; sourceTree = "<group>"; };
		B28F97E32A271F980089C032 /* Action.swift */ = {isa = PBXFileReference; lastKnownFileType = sourcecode.swift; path = Action.swift; sourceTree = "<group>"; };
		B28F97E52A271FA30089C032 /* ActionList.swift */ = {isa = PBXFileReference; lastKnownFileType = sourcecode.swift; path = ActionList.swift; sourceTree = "<group>"; };
		B28F97E72A271FAF0089C032 /* FeatureToggle.swift */ = {isa = PBXFileReference; lastKnownFileType = sourcecode.swift; path = FeatureToggle.swift; sourceTree = "<group>"; };
		B28F97E92A271FC00089C032 /* CopiedText.swift */ = {isa = PBXFileReference; lastKnownFileType = sourcecode.swift; path = CopiedText.swift; sourceTree = "<group>"; };
		B28F97EB2A271FF30089C032 /* SelectionList.swift */ = {isa = PBXFileReference; lastKnownFileType = sourcecode.swift; path = SelectionList.swift; sourceTree = "<group>"; };
		B28F97EE2A2723AA0089C032 /* HeaderView.swift */ = {isa = PBXFileReference; lastKnownFileType = sourcecode.swift; path = HeaderView.swift; sourceTree = "<group>"; };
		B28F97F12A2728560089C032 /* ButtonCell.swift */ = {isa = PBXFileReference; lastKnownFileType = sourcecode.swift; path = ButtonCell.swift; sourceTree = "<group>"; };
		B28F97F22A2728560089C032 /* ButtonCell.xib */ = {isa = PBXFileReference; lastKnownFileType = file.xib; path = ButtonCell.xib; sourceTree = "<group>"; };
		B28F97F62A27288D0089C032 /* ButtonCellModel.swift */ = {isa = PBXFileReference; lastKnownFileType = sourcecode.swift; path = ButtonCellModel.swift; sourceTree = "<group>"; };
		B28F97F82A27313E0089C032 /* UIImage.swift */ = {isa = PBXFileReference; lastKnownFileType = sourcecode.swift; path = UIImage.swift; sourceTree = "<group>"; };
		B28F97FA2A27315B0089C032 /* UIButton.swift */ = {isa = PBXFileReference; lastKnownFileType = sourcecode.swift; path = UIButton.swift; sourceTree = "<group>"; };
		B28F97FD2A2753120089C032 /* SelectorCell.swift */ = {isa = PBXFileReference; lastKnownFileType = sourcecode.swift; path = SelectorCell.swift; sourceTree = "<group>"; };
		B28F97FE2A2753120089C032 /* SelectorCell.xib */ = {isa = PBXFileReference; lastKnownFileType = file.xib; path = SelectorCell.xib; sourceTree = "<group>"; };
		B28F98042A27B30D0089C032 /* CopiedTextCell.swift */ = {isa = PBXFileReference; lastKnownFileType = sourcecode.swift; path = CopiedTextCell.swift; sourceTree = "<group>"; };
		B28F98052A27B30D0089C032 /* CopiedTextCell.xib */ = {isa = PBXFileReference; lastKnownFileType = file.xib; path = CopiedTextCell.xib; sourceTree = "<group>"; };
		B28F98112A27E0EE0089C032 /* LoggerSectionBuilder.swift */ = {isa = PBXFileReference; lastKnownFileType = sourcecode.swift; path = LoggerSectionBuilder.swift; sourceTree = "<group>"; };
		B28F98132A27E17F0089C032 /* SectionBuilder.swift */ = {isa = PBXFileReference; fileEncoding = 4; lastKnownFileType = sourcecode.swift; path = SectionBuilder.swift; sourceTree = "<group>"; };
		B28F98162A27E2040089C032 /* LoggerAction.swift */ = {isa = PBXFileReference; lastKnownFileType = sourcecode.swift; path = LoggerAction.swift; sourceTree = "<group>"; };
		B28F98182A27E2920089C032 /* LoggerStreamCatcherToggle.swift */ = {isa = PBXFileReference; lastKnownFileType = sourcecode.swift; path = LoggerStreamCatcherToggle.swift; sourceTree = "<group>"; };
		B29DB2BC2A2CAB8D008250B0 /* ActionStyle.swift */ = {isa = PBXFileReference; lastKnownFileType = sourcecode.swift; path = ActionStyle.swift; sourceTree = "<group>"; };
		B2C65D112A4571E0004DC80D /* UITableViewCell.swift */ = {isa = PBXFileReference; lastKnownFileType = sourcecode.swift; path = UITableViewCell.swift; sourceTree = "<group>"; };
		B2CA74DA2A1743A900E91B24 /* FileViewerModuleInput.swift */ = {isa = PBXFileReference; lastKnownFileType = sourcecode.swift; path = FileViewerModuleInput.swift; sourceTree = "<group>"; };
		B2CA74DC2A1743B700E91B24 /* FileViewerModuleOutput.swift */ = {isa = PBXFileReference; lastKnownFileType = sourcecode.swift; path = FileViewerModuleOutput.swift; sourceTree = "<group>"; };
		B2CA74DE2A1743C700E91B24 /* FileViewerPresenter.swift */ = {isa = PBXFileReference; lastKnownFileType = sourcecode.swift; path = FileViewerPresenter.swift; sourceTree = "<group>"; };
		B2CA74E02A1744E300E91B24 /* FileViewerViewInput.swift */ = {isa = PBXFileReference; lastKnownFileType = sourcecode.swift; path = FileViewerViewInput.swift; sourceTree = "<group>"; };
		B2CA74E22A1744F300E91B24 /* FileViewerViewOutput.swift */ = {isa = PBXFileReference; lastKnownFileType = sourcecode.swift; path = FileViewerViewOutput.swift; sourceTree = "<group>"; };
		B2CA74E62A175D7700E91B24 /* FileViewerViewController.swift */ = {isa = PBXFileReference; lastKnownFileType = sourcecode.swift; path = FileViewerViewController.swift; sourceTree = "<group>"; };
		B2CA74E72A175D7700E91B24 /* FileViewerViewController.xib */ = {isa = PBXFileReference; lastKnownFileType = file.xib; path = FileViewerViewController.xib; sourceTree = "<group>"; };
/* End PBXFileReference section */

/* Begin PBXFrameworksBuildPhase section */
		A48C763E2850F828004FFAAB /* Frameworks */ = {
			isa = PBXFrameworksBuildPhase;
			buildActionMask = 2147483647;
			files = (
			);
			runOnlyForDeploymentPostprocessing = 0;
		};
		A48C76482850F828004FFAAB /* Frameworks */ = {
			isa = PBXFrameworksBuildPhase;
			buildActionMask = 2147483647;
			files = (
				A48C764C2850F828004FFAAB /* DebugScreen.framework in Frameworks */,
			);
			runOnlyForDeploymentPostprocessing = 0;
		};
/* End PBXFrameworksBuildPhase section */

/* Begin PBXGroup section */
		A43019E5285A3137006B77C0 /* DebugScreenTests */ = {
			isa = PBXGroup;
			children = (
				A43019E6285A3137006B77C0 /* DebugScreenTests.swift */,
			);
			path = DebugScreenTests;
			sourceTree = "<group>";
		};
		A47BDB35286A11E4002326B8 /* Resources */ = {
			isa = PBXGroup;
			children = (
				A47BDB37286A1249002326B8 /* Colors */,
				A47BDB3A286A1249002326B8 /* Images */,
				A47BDB3D286A1249002326B8 /* Strings */,
			);
			path = Resources;
			sourceTree = "<group>";
		};
		A47BDB37286A1249002326B8 /* Colors */ = {
			isa = PBXGroup;
			children = (
				A47BDB38286A1249002326B8 /* Colors.xcassets */,
				A47BDB39286A1249002326B8 /* Colors.swift */,
			);
			path = Colors;
			sourceTree = "<group>";
		};
		A47BDB3A286A1249002326B8 /* Images */ = {
			isa = PBXGroup;
			children = (
				A47BDB3B286A1249002326B8 /* Assets.swift */,
				A47BDB3C286A1249002326B8 /* Assets.xcassets */,
			);
			path = Images;
			sourceTree = "<group>";
		};
		A47BDB3D286A1249002326B8 /* Strings */ = {
			isa = PBXGroup;
			children = (
				A47BDB48286A13AC002326B8 /* Strings.swift */,
				A47BDB3F286A1249002326B8 /* Localizable.strings */,
			);
			path = Strings;
			sourceTree = "<group>";
		};
		A48C76372850F828004FFAAB = {
			isa = PBXGroup;
			children = (
				A48C76432850F828004FFAAB /* DebugScreen */,
				A43019E5285A3137006B77C0 /* DebugScreenTests */,
				A48C76422850F828004FFAAB /* Products */,
			);
			sourceTree = "<group>";
		};
		A48C76422850F828004FFAAB /* Products */ = {
			isa = PBXGroup;
			children = (
				A48C76412850F828004FFAAB /* DebugScreen.framework */,
				A48C764B2850F828004FFAAB /* DebugScreenTests.xctest */,
			);
			name = Products;
			sourceTree = "<group>";
		};
		A48C76432850F828004FFAAB /* DebugScreen */ = {
			isa = PBXGroup;
			children = (
				A4BDF47F28512F7700651C61 /* Common */,
				A4BDF49F28512FAA00651C61 /* Flows */,
				A47BDB35286A11E4002326B8 /* Resources */,
				A4BDF4C928512FB000651C61 /* Services */,
				A4BDF4D428512FB500651C61 /* DebugScreenConfiguration.swift */,
				A4F267192858EFE60096AB68 /* Info.plist */,
			);
			path = DebugScreen;
			sourceTree = "<group>";
		};
		A4BDF47F28512F7700651C61 /* Common */ = {
			isa = PBXGroup;
			children = (
				A4BDF48B28512F7700651C61 /* Base Classes */,
				A4BDF48228512F7700651C61 /* Extensions */,
				B237FF5F2A2910EE0095FA33 /* Models */,
				A4BDF48E28512F7700651C61 /* Protocols */,
				B237FF6A2A2919540095FA33 /* Utils */,
			);
			path = Common;
			sourceTree = "<group>";
		};
		A4BDF48028512F7700651C61 /* Routers */ = {
			isa = PBXGroup;
			children = (
				A4BDF48128512F7700651C61 /* MainRouter.swift */,
			);
			path = Routers;
			sourceTree = "<group>";
		};
		A4BDF48228512F7700651C61 /* Extensions */ = {
			isa = PBXGroup;
			children = (
				A4BDF48428512F7700651C61 /* UIKit */,
				A4BDF48328512F7700651C61 /* Array.swift */,
				A4BDF48A28512F7700651C61 /* Bundle.swift */,
				A4BDF48528512F7700651C61 /* NSObject.swift */,
			);
			path = Extensions;
			sourceTree = "<group>";
		};
		A4BDF48428512F7700651C61 /* UIKit */ = {
			isa = PBXGroup;
			children = (
				A4BDF48928512F7700651C61 /* UIApplication.swift */,
				B28F97FA2A27315B0089C032 /* UIButton.swift */,
				B28F97F82A27313E0089C032 /* UIImage.swift */,
				A4BDF48628512F7700651C61 /* UITableView.swift */,
				B2C65D112A4571E0004DC80D /* UITableViewCell.swift */,
				A4BDF48728512F7700651C61 /* UIViewController.swift */,
				A4BDF48828512F7700651C61 /* UIWindow.swift */,
			);
			path = UIKit;
			sourceTree = "<group>";
		};
		A4BDF48B28512F7700651C61 /* Base Classes */ = {
			isa = PBXGroup;
			children = (
				A4BDF48D28512F7700651C61 /* BaseCoordinator.swift */,
				A4BDF48C28512F7700651C61 /* DeepLinkOption.swift */,
			);
			path = "Base Classes";
			sourceTree = "<group>";
		};
		A4BDF48E28512F7700651C61 /* Protocols */ = {
			isa = PBXGroup;
			children = (
				B237FF5E2A2910A30095FA33 /* Builders */,
				B28F97E22A271F830089C032 /* Content */,
				A4BDF48028512F7700651C61 /* Routers */,
				A4BDF49128512F7700651C61 /* Coordinator.swift */,
				A4BDF48F28512F7700651C61 /* Presentable.swift */,
				A4BDF49028512F7700651C61 /* Router.swift */,
			);
			path = Protocols;
			sourceTree = "<group>";
		};
		A4BDF49F28512FAA00651C61 /* Flows */ = {
			isa = PBXGroup;
			children = (
				B2610E1F2A16D90600509FA1 /* FileViewer */,
				A4BDF4A028512FAA00651C61 /* MainScreen */,
				B2610E222A16DCAC00509FA1 /* SimpleAlert */,
				A4BDF4B828512FAA00651C61 /* DebugScreenCoordinator.swift */,
			);
			path = Flows;
			sourceTree = "<group>";
		};
		A4BDF4A028512FAA00651C61 /* MainScreen */ = {
			isa = PBXGroup;
			children = (
				A4BDF4B628512FAA00651C61 /* Configurator */,
				A4BDF4A128512FAA00651C61 /* Presenter */,
				A4BDF4A528512FAA00651C61 /* View */,
			);
			path = MainScreen;
			sourceTree = "<group>";
		};
		A4BDF4A128512FAA00651C61 /* Presenter */ = {
			isa = PBXGroup;
			children = (
				A4BDF4A228512FAA00651C61 /* MainModuleInput.swift */,
				A4BDF4A328512FAA00651C61 /* MainModuleOutput.swift */,
				A4BDF4A428512FAA00651C61 /* MainModulePresenter.swift */,
			);
			path = Presenter;
			sourceTree = "<group>";
		};
		A4BDF4A528512FAA00651C61 /* View */ = {
			isa = PBXGroup;
			children = (
				A4BDF4B428512FAA00651C61 /* Adapter */,
				A4BDF4B028512FAA00651C61 /* MainViewInput.swift */,
				A4BDF4B228512FAA00651C61 /* MainViewOutput.swift */,
				A4BDF4B328512FAA00651C61 /* MainViewController.swift */,
				A4BDF4B128512FAA00651C61 /* MainViewController.xib */,
			);
			path = View;
			sourceTree = "<group>";
		};
		A4BDF4AA28512FAA00651C61 /* SwitcherCell */ = {
			isa = PBXGroup;
			children = (
				A4BDF4AC28512FAA00651C61 /* SwitcherCell.swift */,
				A4BDF4AB28512FAA00651C61 /* SwitcherCell.xib */,
			);
			path = SwitcherCell;
			sourceTree = "<group>";
		};
		A4BDF4B428512FAA00651C61 /* Adapter */ = {
			isa = PBXGroup;
			children = (
				B28F97F02A27283A0089C032 /* Cells */,
				B28F97ED2A2723980089C032 /* HeaderView */,
				A4BDF4B528512FAA00651C61 /* MainAdapter.swift */,
			);
			path = Adapter;
			sourceTree = "<group>";
		};
		A4BDF4B628512FAA00651C61 /* Configurator */ = {
			isa = PBXGroup;
			children = (
				A4BDF4B728512FAA00651C61 /* MainModuleConfigurator.swift */,
			);
			path = Configurator;
			sourceTree = "<group>";
		};
		A4BDF4C928512FB000651C61 /* Services */ = {
			isa = PBXGroup;
			children = (
				A4BDF4CC28512FB000651C61 /* DebugScreenPresenterService.swift */,
				A4BDF4CB28512FB000651C61 /* LogCatcherService.swift */,
			);
			path = Services;
			sourceTree = "<group>";
		};
		B237FF5E2A2910A30095FA33 /* Builders */ = {
			isa = PBXGroup;
			children = (
				B28F98132A27E17F0089C032 /* SectionBuilder.swift */,
			);
			path = Builders;
			sourceTree = "<group>";
		};
		B237FF5F2A2910EE0095FA33 /* Models */ = {
			isa = PBXGroup;
			children = (
				B237FF602A29126F0095FA33 /* Common */,
				B237FF612A29127C0095FA33 /* Logger */,
				B24B27DF2A37150B00624E29 /* Modules */,
			);
			path = Models;
			sourceTree = "<group>";
		};
		B237FF602A29126F0095FA33 /* Common */ = {
			isa = PBXGroup;
			children = (
				B29DB2BC2A2CAB8D008250B0 /* ActionStyle.swift */,
				B237FF622A2912D10095FA33 /* MainTableBlock.swift */,
				A4D337552863A7AA002328F2 /* TableSection.swift */,
			);
			path = Common;
			sourceTree = "<group>";
		};
		B237FF612A29127C0095FA33 /* Logger */ = {
			isa = PBXGroup;
			children = (
				B237FF692A2916610095FA33 /* Models */,
				B237FF642A2913DF0095FA33 /* LoggerSectionComponent.swift */,
			);
			path = Logger;
			sourceTree = "<group>";
		};
		B237FF692A2916610095FA33 /* Models */ = {
			isa = PBXGroup;
			children = (
				B28F98162A27E2040089C032 /* LoggerAction.swift */,
				B237FF5C2A28CBB90095FA33 /* LoggerActivationToggle.swift */,
				B28F98182A27E2920089C032 /* LoggerStreamCatcherToggle.swift */,
			);
			path = Models;
			sourceTree = "<group>";
		};
		B237FF6A2A2919540095FA33 /* Utils */ = {
			isa = PBXGroup;
			children = (
				B28F98112A27E0EE0089C032 /* LoggerSectionBuilder.swift */,
			);
			path = Utils;
			sourceTree = "<group>";
		};
		B24B27DF2A37150B00624E29 /* Modules */ = {
			isa = PBXGroup;
			children = (
				B24B27E82A37161800624E29 /* Models */,
				B24B27E62A37161300624E29 /* ModuleType.swift */,
			);
			path = Modules;
			sourceTree = "<group>";
		};
		B24B27E82A37161800624E29 /* Models */ = {
			isa = PBXGroup;
			children = (
				B24B27E02A37152C00624E29 /* AlertModel.swift */,
				B24B27E22A37153800624E29 /* FileViewerModel.swift */,
			);
			path = Models;
			sourceTree = "<group>";
		};
		B2610E1F2A16D90600509FA1 /* FileViewer */ = {
			isa = PBXGroup;
			children = (
				B2CA74D72A17436600E91B24 /* Configurator */,
				B2CA74D82A17437800E91B24 /* Presenter */,
				B2CA74D92A17437E00E91B24 /* View */,
			);
			path = FileViewer;
			sourceTree = "<group>";
		};
		B2610E222A16DCAC00509FA1 /* SimpleAlert */ = {
			isa = PBXGroup;
			children = (
				B2610E232A16DCC300509FA1 /* SimpleAlertModuleConfigurator.swift */,
			);
			path = SimpleAlert;
			sourceTree = "<group>";
		};
		B28F97E22A271F830089C032 /* Content */ = {
			isa = PBXGroup;
			children = (
				B28F97E32A271F980089C032 /* Action.swift */,
				B28F97E52A271FA30089C032 /* ActionList.swift */,
				B28F97E92A271FC00089C032 /* CopiedText.swift */,
				B28F97E72A271FAF0089C032 /* FeatureToggle.swift */,
				B28F97EB2A271FF30089C032 /* SelectionList.swift */,
			);
			path = Content;
			sourceTree = "<group>";
		};
		B28F97ED2A2723980089C032 /* HeaderView */ = {
			isa = PBXGroup;
			children = (
				B28F97EE2A2723AA0089C032 /* HeaderView.swift */,
			);
			path = HeaderView;
			sourceTree = "<group>";
		};
		B28F97F02A27283A0089C032 /* Cells */ = {
			isa = PBXGroup;
			children = (
				B28F97F52A27285C0089C032 /* ButtonCell */,
				B28F98032A27B2F00089C032 /* CopiedTextCell */,
				B28F97FC2A2752FA0089C032 /* SelectorCell */,
				A4BDF4AA28512FAA00651C61 /* SwitcherCell */,
			);
			path = Cells;
			sourceTree = "<group>";
		};
		B28F97F52A27285C0089C032 /* ButtonCell */ = {
			isa = PBXGroup;
			children = (
				B28F97F12A2728560089C032 /* ButtonCell.swift */,
				B28F97F22A2728560089C032 /* ButtonCell.xib */,
				B28F97F62A27288D0089C032 /* ButtonCellModel.swift */,
			);
			path = ButtonCell;
			sourceTree = "<group>";
		};
		B28F97FC2A2752FA0089C032 /* SelectorCell */ = {
			isa = PBXGroup;
			children = (
				B28F97FD2A2753120089C032 /* SelectorCell.swift */,
				B28F97FE2A2753120089C032 /* SelectorCell.xib */,
			);
			path = SelectorCell;
			sourceTree = "<group>";
		};
		B28F98032A27B2F00089C032 /* CopiedTextCell */ = {
			isa = PBXGroup;
			children = (
				B28F98042A27B30D0089C032 /* CopiedTextCell.swift */,
				B28F98052A27B30D0089C032 /* CopiedTextCell.xib */,
			);
			path = CopiedTextCell;
			sourceTree = "<group>";
		};
		B2CA74D72A17436600E91B24 /* Configurator */ = {
			isa = PBXGroup;
			children = (
				B2610E202A16D90600509FA1 /* FileViewerModuleConfigurator.swift */,
			);
			path = Configurator;
			sourceTree = "<group>";
		};
		B2CA74D82A17437800E91B24 /* Presenter */ = {
			isa = PBXGroup;
			children = (
				B2CA74DA2A1743A900E91B24 /* FileViewerModuleInput.swift */,
				B2CA74DC2A1743B700E91B24 /* FileViewerModuleOutput.swift */,
				B2CA74DE2A1743C700E91B24 /* FileViewerPresenter.swift */,
			);
			path = Presenter;
			sourceTree = "<group>";
		};
		B2CA74D92A17437E00E91B24 /* View */ = {
			isa = PBXGroup;
			children = (
				B2CA74E62A175D7700E91B24 /* FileViewerViewController.swift */,
				B2CA74E72A175D7700E91B24 /* FileViewerViewController.xib */,
				B2CA74E02A1744E300E91B24 /* FileViewerViewInput.swift */,
				B2CA74E22A1744F300E91B24 /* FileViewerViewOutput.swift */,
			);
			path = View;
			sourceTree = "<group>";
		};
/* End PBXGroup section */

/* Begin PBXHeadersBuildPhase section */
		A48C763C2850F828004FFAAB /* Headers */ = {
			isa = PBXHeadersBuildPhase;
			buildActionMask = 2147483647;
			files = (
			);
			runOnlyForDeploymentPostprocessing = 0;
		};
/* End PBXHeadersBuildPhase section */

/* Begin PBXNativeTarget section */
		A48C76402850F828004FFAAB /* DebugScreen */ = {
			isa = PBXNativeTarget;
			buildConfigurationList = A48C76552850F828004FFAAB /* Build configuration list for PBXNativeTarget "DebugScreen" */;
			buildPhases = (
				A48C763C2850F828004FFAAB /* Headers */,
				A451375B286A047C00B226B0 /* SwiftGen */,
				A48C763D2850F828004FFAAB /* Sources */,
				A48C763E2850F828004FFAAB /* Frameworks */,
				A48C763F2850F828004FFAAB /* Resources */,
				A4D337542863A4FC002328F2 /* Swift Lint */,
			);
			buildRules = (
			);
			dependencies = (
			);
			name = DebugScreen;
			packageProductDependencies = (
			);
			productName = DebugScreen;
			productReference = A48C76412850F828004FFAAB /* DebugScreen.framework */;
			productType = "com.apple.product-type.framework";
		};
		A48C764A2850F828004FFAAB /* DebugScreenTests */ = {
			isa = PBXNativeTarget;
			buildConfigurationList = A48C76582850F828004FFAAB /* Build configuration list for PBXNativeTarget "DebugScreenTests" */;
			buildPhases = (
				A48C76472850F828004FFAAB /* Sources */,
				A48C76482850F828004FFAAB /* Frameworks */,
				A48C76492850F828004FFAAB /* Resources */,
			);
			buildRules = (
			);
			dependencies = (
			);
			name = DebugScreenTests;
			productName = DebugScreenTests;
			productReference = A48C764B2850F828004FFAAB /* DebugScreenTests.xctest */;
			productType = "com.apple.product-type.bundle.unit-test";
		};
/* End PBXNativeTarget section */

/* Begin PBXProject section */
		A48C76382850F828004FFAAB /* Project object */ = {
			isa = PBXProject;
			attributes = {
				BuildIndependentTargetsInParallel = 1;
				LastSwiftUpdateCheck = 1340;
				LastUpgradeCheck = 1330;
				TargetAttributes = {
					A48C76402850F828004FFAAB = {
						CreatedOnToolsVersion = 13.3.1;
					};
					A48C764A2850F828004FFAAB = {
						CreatedOnToolsVersion = 13.3.1;
					};
				};
			};
			buildConfigurationList = A48C763B2850F828004FFAAB /* Build configuration list for PBXProject "DebugScreen" */;
			compatibilityVersion = "Xcode 13.0";
			developmentRegion = en;
			hasScannedForEncodings = 0;
			knownRegions = (
				en,
				Base,
				ru,
			);
			mainGroup = A48C76372850F828004FFAAB;
			packageReferences = (
			);
			productRefGroup = A48C76422850F828004FFAAB /* Products */;
			projectDirPath = "";
			projectRoot = "";
			targets = (
				A48C76402850F828004FFAAB /* DebugScreen */,
				A48C764A2850F828004FFAAB /* DebugScreenTests */,
			);
		};
/* End PBXProject section */

/* Begin PBXResourcesBuildPhase section */
		A48C763F2850F828004FFAAB /* Resources */ = {
			isa = PBXResourcesBuildPhase;
			buildActionMask = 2147483647;
			files = (
				B28F98072A27B30D0089C032 /* CopiedTextCell.xib in Resources */,
				A47BDB42286A1249002326B8 /* Colors.xcassets in Resources */,
				B28F98002A2753120089C032 /* SelectorCell.xib in Resources */,
				A47BDB47286A124A002326B8 /* Localizable.strings in Resources */,
				A4BDF4BE28512FAA00651C61 /* SwitcherCell.xib in Resources */,
				A47BDB45286A1249002326B8 /* Assets.xcassets in Resources */,
				B28F97F42A2728560089C032 /* ButtonCell.xib in Resources */,
				A4BDF4C328512FAA00651C61 /* MainViewController.xib in Resources */,
				B2CA74E92A175D7700E91B24 /* FileViewerViewController.xib in Resources */,
			);
			runOnlyForDeploymentPostprocessing = 0;
		};
		A48C76492850F828004FFAAB /* Resources */ = {
			isa = PBXResourcesBuildPhase;
			buildActionMask = 2147483647;
			files = (
			);
			runOnlyForDeploymentPostprocessing = 0;
		};
/* End PBXResourcesBuildPhase section */

/* Begin PBXShellScriptBuildPhase section */
		A451375B286A047C00B226B0 /* SwiftGen */ = {
			isa = PBXShellScriptBuildPhase;
			buildActionMask = 2147483647;
			files = (
			);
			inputFileListPaths = (
			);
			inputPaths = (
			);
			name = SwiftGen;
			outputFileListPaths = (
			);
			outputPaths = (
			);
			runOnlyForDeploymentPostprocessing = 0;
			shellPath = /bin/sh;
			shellScript = "\"${PROJECT_DIR}/BuildTools/swiftgen\" config run --config ${SRCROOT}/.swiftgen.yml\n";
		};
		A4D337542863A4FC002328F2 /* Swift Lint */ = {
			isa = PBXShellScriptBuildPhase;
			buildActionMask = 2147483647;
			files = (
			);
			inputFileListPaths = (
			);
			inputPaths = (
			);
			name = "Swift Lint";
			outputFileListPaths = (
			);
			outputPaths = (
			);
			runOnlyForDeploymentPostprocessing = 0;
			shellPath = /bin/sh;
			shellScript = "\"${PROJECT_DIR}/BuildTools/swiftlint_0_47_1\" --config ${SRCROOT}/.swiftlint.yml\n";
		};
/* End PBXShellScriptBuildPhase section */

/* Begin PBXSourcesBuildPhase section */
		A48C763D2850F828004FFAAB /* Sources */ = {
			isa = PBXSourcesBuildPhase;
			buildActionMask = 2147483647;
			files = (
				B2CA74E12A1744E300E91B24 /* FileViewerViewInput.swift in Sources */,
				B28F97F92A27313E0089C032 /* UIImage.swift in Sources */,
				A47BDB43286A1249002326B8 /* Colors.swift in Sources */,
				A4BDF49828512F7700651C61 /* UIApplication.swift in Sources */,
				A4BDF4C528512FAA00651C61 /* MainViewController.swift in Sources */,
				B2610E242A16DCC300509FA1 /* SimpleAlertModuleConfigurator.swift in Sources */,
				B28F97E42A271F980089C032 /* Action.swift in Sources */,
				B237FF652A2913DF0095FA33 /* LoggerSectionComponent.swift in Sources */,
				B24B27E32A37153800624E29 /* FileViewerModel.swift in Sources */,
				A4BDF49928512F7700651C61 /* Bundle.swift in Sources */,
				B2CA74DD2A1743B700E91B24 /* FileViewerModuleOutput.swift in Sources */,
				A47BDB44286A1249002326B8 /* Assets.swift in Sources */,
				A4BDF49728512F7700651C61 /* UIWindow.swift in Sources */,
				B2CA74E32A1744F300E91B24 /* FileViewerViewOutput.swift in Sources */,
				A4BDF4C728512FAA00651C61 /* MainModuleConfigurator.swift in Sources */,
				B2C65D122A4571E0004DC80D /* UITableViewCell.swift in Sources */,
				A4BDF49328512F7700651C61 /* Array.swift in Sources */,
				A4BDF49428512F7700651C61 /* NSObject.swift in Sources */,
				A4D337562863A7AA002328F2 /* TableSection.swift in Sources */,
				B28F97FB2A27315B0089C032 /* UIButton.swift in Sources */,
				B28F97E62A271FA30089C032 /* ActionList.swift in Sources */,
				B24B27E12A37152C00624E29 /* AlertModel.swift in Sources */,
				A4BDF49C28512F7700651C61 /* Presentable.swift in Sources */,
				B28F97F72A27288D0089C032 /* ButtonCellModel.swift in Sources */,
				B28F98192A27E2920089C032 /* LoggerStreamCatcherToggle.swift in Sources */,
				A4BDF49E28512F7700651C61 /* Coordinator.swift in Sources */,
				B2610E212A16D90600509FA1 /* FileViewerModuleConfigurator.swift in Sources */,
				A4BDF4C228512FAA00651C61 /* MainViewInput.swift in Sources */,
				A4BDF4C628512FAA00651C61 /* MainAdapter.swift in Sources */,
				A4BDF4BB28512FAA00651C61 /* MainModulePresenter.swift in Sources */,
				B28F97F32A2728560089C032 /* ButtonCell.swift in Sources */,
				A4BDF49628512F7700651C61 /* UIViewController.swift in Sources */,
				B28F98142A27E17F0089C032 /* SectionBuilder.swift in Sources */,
				B28F98122A27E0EE0089C032 /* LoggerSectionBuilder.swift in Sources */,
				B237FF5D2A28CBB90095FA33 /* LoggerActivationToggle.swift in Sources */,
				B2CA74E82A175D7700E91B24 /* FileViewerViewController.swift in Sources */,
				A4BDF49528512F7700651C61 /* UITableView.swift in Sources */,
				B28F97EF2A2723AA0089C032 /* HeaderView.swift in Sources */,
				B2CA74DF2A1743C700E91B24 /* FileViewerPresenter.swift in Sources */,
				A4BDF4C428512FAA00651C61 /* MainViewOutput.swift in Sources */,
				A4BDF49A28512F7700651C61 /* DeepLinkOption.swift in Sources */,
				A4BDF49B28512F7700651C61 /* BaseCoordinator.swift in Sources */,
				A4BDF49228512F7700651C61 /* MainRouter.swift in Sources */,
				B237FF632A2912D10095FA33 /* MainTableBlock.swift in Sources */,
				A4BDF4D528512FB500651C61 /* DebugScreenConfiguration.swift in Sources */,
				B24B27E72A37161300624E29 /* ModuleType.swift in Sources */,
				B28F97FF2A2753120089C032 /* SelectorCell.swift in Sources */,
				B29DB2BD2A2CAB8E008250B0 /* ActionStyle.swift in Sources */,
				B2CA74DB2A1743A900E91B24 /* FileViewerModuleInput.swift in Sources */,
				A47BDB49286A13AC002326B8 /* Strings.swift in Sources */,
				B28F98172A27E2040089C032 /* LoggerAction.swift in Sources */,
				A4BDF4D128512FB000651C61 /* DebugScreenPresenterService.swift in Sources */,
				B28F98062A27B30D0089C032 /* CopiedTextCell.swift in Sources */,
				A4BDF4BA28512FAA00651C61 /* MainModuleOutput.swift in Sources */,
				A4BDF49D28512F7700651C61 /* Router.swift in Sources */,
				A4BDF4B928512FAA00651C61 /* MainModuleInput.swift in Sources */,
				A4BDF4C828512FAA00651C61 /* DebugScreenCoordinator.swift in Sources */,
				B28F97EC2A271FF30089C032 /* SelectionList.swift in Sources */,
				B28F97EA2A271FC00089C032 /* CopiedText.swift in Sources */,
				B28F97E82A271FAF0089C032 /* FeatureToggle.swift in Sources */,
				A4BDF4BF28512FAA00651C61 /* SwitcherCell.swift in Sources */,
				A4BDF4D028512FB000651C61 /* LogCatcherService.swift in Sources */,
			);
			runOnlyForDeploymentPostprocessing = 0;
		};
		A48C76472850F828004FFAAB /* Sources */ = {
			isa = PBXSourcesBuildPhase;
			buildActionMask = 2147483647;
			files = (
				A4301A65285A462F006B77C0 /* DebugScreenTests.swift in Sources */,
			);
			runOnlyForDeploymentPostprocessing = 0;
		};
/* End PBXSourcesBuildPhase section */

/* Begin PBXVariantGroup section */
		A47BDB3F286A1249002326B8 /* Localizable.strings */ = {
			isa = PBXVariantGroup;
			children = (
				A47BDB40286A1249002326B8 /* en */,
				A47BDB41286A1249002326B8 /* ru */,
			);
			name = Localizable.strings;
			sourceTree = "<group>";
		};
/* End PBXVariantGroup section */

/* Begin XCBuildConfiguration section */
		A48C76532850F828004FFAAB /* Debug */ = {
			isa = XCBuildConfiguration;
			buildSettings = {
				ALWAYS_SEARCH_USER_PATHS = NO;
				CLANG_ANALYZER_NONNULL = YES;
				CLANG_ANALYZER_NUMBER_OBJECT_CONVERSION = YES_AGGRESSIVE;
				CLANG_CXX_LANGUAGE_STANDARD = "gnu++17";
				CLANG_ENABLE_MODULES = YES;
				CLANG_ENABLE_OBJC_ARC = YES;
				CLANG_ENABLE_OBJC_WEAK = YES;
				CLANG_WARN_BLOCK_CAPTURE_AUTORELEASING = YES;
				CLANG_WARN_BOOL_CONVERSION = YES;
				CLANG_WARN_COMMA = YES;
				CLANG_WARN_CONSTANT_CONVERSION = YES;
				CLANG_WARN_DEPRECATED_OBJC_IMPLEMENTATIONS = YES;
				CLANG_WARN_DIRECT_OBJC_ISA_USAGE = YES_ERROR;
				CLANG_WARN_DOCUMENTATION_COMMENTS = YES;
				CLANG_WARN_EMPTY_BODY = YES;
				CLANG_WARN_ENUM_CONVERSION = YES;
				CLANG_WARN_INFINITE_RECURSION = YES;
				CLANG_WARN_INT_CONVERSION = YES;
				CLANG_WARN_NON_LITERAL_NULL_CONVERSION = YES;
				CLANG_WARN_OBJC_IMPLICIT_RETAIN_SELF = YES;
				CLANG_WARN_OBJC_LITERAL_CONVERSION = YES;
				CLANG_WARN_OBJC_ROOT_CLASS = YES_ERROR;
				CLANG_WARN_QUOTED_INCLUDE_IN_FRAMEWORK_HEADER = YES;
				CLANG_WARN_RANGE_LOOP_ANALYSIS = YES;
				CLANG_WARN_STRICT_PROTOTYPES = YES;
				CLANG_WARN_SUSPICIOUS_MOVE = YES;
				CLANG_WARN_UNGUARDED_AVAILABILITY = YES_AGGRESSIVE;
				CLANG_WARN_UNREACHABLE_CODE = YES;
				CLANG_WARN__DUPLICATE_METHOD_MATCH = YES;
				COPY_PHASE_STRIP = NO;
				CURRENT_PROJECT_VERSION = 1;
				DEBUG_INFORMATION_FORMAT = dwarf;
				ENABLE_STRICT_OBJC_MSGSEND = YES;
				ENABLE_TESTABILITY = YES;
				GCC_C_LANGUAGE_STANDARD = gnu11;
				GCC_DYNAMIC_NO_PIC = NO;
				GCC_NO_COMMON_BLOCKS = YES;
				GCC_OPTIMIZATION_LEVEL = 0;
				GCC_PREPROCESSOR_DEFINITIONS = (
					"DEBUG=1",
					"$(inherited)",
				);
				GCC_WARN_64_TO_32_BIT_CONVERSION = YES;
				GCC_WARN_ABOUT_RETURN_TYPE = YES_ERROR;
				GCC_WARN_UNDECLARED_SELECTOR = YES;
				GCC_WARN_UNINITIALIZED_AUTOS = YES_AGGRESSIVE;
				GCC_WARN_UNUSED_FUNCTION = YES;
				GCC_WARN_UNUSED_VARIABLE = YES;
				IPHONEOS_DEPLOYMENT_TARGET = 13.0;
				MTL_ENABLE_DEBUG_INFO = INCLUDE_SOURCE;
				MTL_FAST_MATH = YES;
				ONLY_ACTIVE_ARCH = YES;
				SDKROOT = iphoneos;
				SWIFT_ACTIVE_COMPILATION_CONDITIONS = DEBUG;
				SWIFT_OPTIMIZATION_LEVEL = "-Onone";
				VERSIONING_SYSTEM = "apple-generic";
				VERSION_INFO_PREFIX = "";
			};
			name = Debug;
		};
		A48C76542850F828004FFAAB /* Release */ = {
			isa = XCBuildConfiguration;
			buildSettings = {
				ALWAYS_SEARCH_USER_PATHS = NO;
				CLANG_ANALYZER_NONNULL = YES;
				CLANG_ANALYZER_NUMBER_OBJECT_CONVERSION = YES_AGGRESSIVE;
				CLANG_CXX_LANGUAGE_STANDARD = "gnu++17";
				CLANG_ENABLE_MODULES = YES;
				CLANG_ENABLE_OBJC_ARC = YES;
				CLANG_ENABLE_OBJC_WEAK = YES;
				CLANG_WARN_BLOCK_CAPTURE_AUTORELEASING = YES;
				CLANG_WARN_BOOL_CONVERSION = YES;
				CLANG_WARN_COMMA = YES;
				CLANG_WARN_CONSTANT_CONVERSION = YES;
				CLANG_WARN_DEPRECATED_OBJC_IMPLEMENTATIONS = YES;
				CLANG_WARN_DIRECT_OBJC_ISA_USAGE = YES_ERROR;
				CLANG_WARN_DOCUMENTATION_COMMENTS = YES;
				CLANG_WARN_EMPTY_BODY = YES;
				CLANG_WARN_ENUM_CONVERSION = YES;
				CLANG_WARN_INFINITE_RECURSION = YES;
				CLANG_WARN_INT_CONVERSION = YES;
				CLANG_WARN_NON_LITERAL_NULL_CONVERSION = YES;
				CLANG_WARN_OBJC_IMPLICIT_RETAIN_SELF = YES;
				CLANG_WARN_OBJC_LITERAL_CONVERSION = YES;
				CLANG_WARN_OBJC_ROOT_CLASS = YES_ERROR;
				CLANG_WARN_QUOTED_INCLUDE_IN_FRAMEWORK_HEADER = YES;
				CLANG_WARN_RANGE_LOOP_ANALYSIS = YES;
				CLANG_WARN_STRICT_PROTOTYPES = YES;
				CLANG_WARN_SUSPICIOUS_MOVE = YES;
				CLANG_WARN_UNGUARDED_AVAILABILITY = YES_AGGRESSIVE;
				CLANG_WARN_UNREACHABLE_CODE = YES;
				CLANG_WARN__DUPLICATE_METHOD_MATCH = YES;
				COPY_PHASE_STRIP = NO;
				CURRENT_PROJECT_VERSION = 1;
				DEBUG_INFORMATION_FORMAT = "dwarf-with-dsym";
				ENABLE_NS_ASSERTIONS = NO;
				ENABLE_STRICT_OBJC_MSGSEND = YES;
				GCC_C_LANGUAGE_STANDARD = gnu11;
				GCC_NO_COMMON_BLOCKS = YES;
				GCC_WARN_64_TO_32_BIT_CONVERSION = YES;
				GCC_WARN_ABOUT_RETURN_TYPE = YES_ERROR;
				GCC_WARN_UNDECLARED_SELECTOR = YES;
				GCC_WARN_UNINITIALIZED_AUTOS = YES_AGGRESSIVE;
				GCC_WARN_UNUSED_FUNCTION = YES;
				GCC_WARN_UNUSED_VARIABLE = YES;
				IPHONEOS_DEPLOYMENT_TARGET = 13.0;
				MTL_ENABLE_DEBUG_INFO = NO;
				MTL_FAST_MATH = YES;
				SDKROOT = iphoneos;
				SWIFT_COMPILATION_MODE = wholemodule;
				SWIFT_OPTIMIZATION_LEVEL = "-O";
				VALIDATE_PRODUCT = YES;
				VERSIONING_SYSTEM = "apple-generic";
				VERSION_INFO_PREFIX = "";
			};
			name = Release;
		};
		A48C76562850F828004FFAAB /* Debug */ = {
			isa = XCBuildConfiguration;
			buildSettings = {
				CODE_SIGN_STYLE = Manual;
				CURRENT_PROJECT_VERSION = 1;
				DEFINES_MODULE = YES;
				DEVELOPMENT_TEAM = "";
				DYLIB_COMPATIBILITY_VERSION = 1;
				DYLIB_CURRENT_VERSION = 1;
				DYLIB_INSTALL_NAME_BASE = "@rpath";
				GENERATE_INFOPLIST_FILE = YES;
				INFOPLIST_FILE = DebugScreen/Info.plist;
				INFOPLIST_KEY_LSApplicationCategoryType = "";
				INSTALL_PATH = "$(LOCAL_LIBRARY_DIR)/Frameworks";
				IPHONEOS_DEPLOYMENT_TARGET = 13.0;
				LD_RUNPATH_SEARCH_PATHS = (
					"$(inherited)",
					"@executable_path/Frameworks",
					"@loader_path/Frameworks",
				);
				MARKETING_VERSION = 1.0.1;
				PRODUCT_BUNDLE_IDENTIFIER = ru.surfstudio.DebugScreen;
				PRODUCT_NAME = "$(TARGET_NAME:c99extidentifier)";
				PROVISIONING_PROFILE_SPECIFIER = "";
				"PROVISIONING_PROFILE_SPECIFIER[sdk=macosx*]" = "";
				SKIP_INSTALL = YES;
				SWIFT_EMIT_LOC_STRINGS = YES;
				SWIFT_VERSION = 5.0;
				TARGETED_DEVICE_FAMILY = "1,2";
			};
			name = Debug;
		};
		A48C76572850F828004FFAAB /* Release */ = {
			isa = XCBuildConfiguration;
			buildSettings = {
				CODE_SIGN_STYLE = Manual;
				CURRENT_PROJECT_VERSION = 1;
				DEFINES_MODULE = YES;
				DEVELOPMENT_TEAM = "";
				DYLIB_COMPATIBILITY_VERSION = 1;
				DYLIB_CURRENT_VERSION = 1;
				DYLIB_INSTALL_NAME_BASE = "@rpath";
				GENERATE_INFOPLIST_FILE = YES;
				INFOPLIST_FILE = DebugScreen/Info.plist;
				INFOPLIST_KEY_LSApplicationCategoryType = "";
				INSTALL_PATH = "$(LOCAL_LIBRARY_DIR)/Frameworks";
				IPHONEOS_DEPLOYMENT_TARGET = 13.0;
				LD_RUNPATH_SEARCH_PATHS = (
					"$(inherited)",
					"@executable_path/Frameworks",
					"@loader_path/Frameworks",
				);
				MARKETING_VERSION = 1.0.1;
				PRODUCT_BUNDLE_IDENTIFIER = ru.surfstudio.DebugScreen;
				PRODUCT_NAME = "$(TARGET_NAME:c99extidentifier)";
				PROVISIONING_PROFILE_SPECIFIER = "";
				"PROVISIONING_PROFILE_SPECIFIER[sdk=macosx*]" = "";
				SKIP_INSTALL = YES;
				SWIFT_EMIT_LOC_STRINGS = YES;
				SWIFT_VERSION = 5.0;
				TARGETED_DEVICE_FAMILY = "1,2";
			};
			name = Release;
		};
		A48C76592850F828004FFAAB /* Debug */ = {
			isa = XCBuildConfiguration;
			buildSettings = {
				ALWAYS_EMBED_SWIFT_STANDARD_LIBRARIES = YES;
				"CODE_SIGN_IDENTITY[sdk=macosx*]" = "-";
				CODE_SIGN_STYLE = Manual;
				CURRENT_PROJECT_VERSION = 1;
				DEVELOPMENT_TEAM = "";
				GENERATE_INFOPLIST_FILE = YES;
				MARKETING_VERSION = 1.0;
				PRODUCT_BUNDLE_IDENTIFIER = ru.surfstudio.DebugScreenTests;
				"PRODUCT_BUNDLE_IDENTIFIER[sdk=macosx*]" = "";
				PRODUCT_NAME = "$(TARGET_NAME)";
				PROVISIONING_PROFILE_SPECIFIER = "";
				"PROVISIONING_PROFILE_SPECIFIER[sdk=macosx*]" = "";
				SWIFT_EMIT_LOC_STRINGS = NO;
				SWIFT_VERSION = 5.0;
				TARGETED_DEVICE_FAMILY = "1,2";
			};
			name = Debug;
		};
		A48C765A2850F828004FFAAB /* Release */ = {
			isa = XCBuildConfiguration;
			buildSettings = {
				ALWAYS_EMBED_SWIFT_STANDARD_LIBRARIES = YES;
				"CODE_SIGN_IDENTITY[sdk=macosx*]" = "-";
				CODE_SIGN_STYLE = Manual;
				CURRENT_PROJECT_VERSION = 1;
				DEVELOPMENT_TEAM = "";
				GENERATE_INFOPLIST_FILE = YES;
				MARKETING_VERSION = 1.0;
				PRODUCT_BUNDLE_IDENTIFIER = ru.surfstudio.DebugScreenTests;
				"PRODUCT_BUNDLE_IDENTIFIER[sdk=macosx*]" = "";
				PRODUCT_NAME = "$(TARGET_NAME)";
				PROVISIONING_PROFILE_SPECIFIER = "";
				"PROVISIONING_PROFILE_SPECIFIER[sdk=macosx*]" = "";
				SWIFT_EMIT_LOC_STRINGS = NO;
				SWIFT_VERSION = 5.0;
				TARGETED_DEVICE_FAMILY = "1,2";
			};
			name = Release;
		};
/* End XCBuildConfiguration section */

/* Begin XCConfigurationList section */
		A48C763B2850F828004FFAAB /* Build configuration list for PBXProject "DebugScreen" */ = {
			isa = XCConfigurationList;
			buildConfigurations = (
				A48C76532850F828004FFAAB /* Debug */,
				A48C76542850F828004FFAAB /* Release */,
			);
			defaultConfigurationIsVisible = 0;
			defaultConfigurationName = Release;
		};
		A48C76552850F828004FFAAB /* Build configuration list for PBXNativeTarget "DebugScreen" */ = {
			isa = XCConfigurationList;
			buildConfigurations = (
				A48C76562850F828004FFAAB /* Debug */,
				A48C76572850F828004FFAAB /* Release */,
			);
			defaultConfigurationIsVisible = 0;
			defaultConfigurationName = Release;
		};
		A48C76582850F828004FFAAB /* Build configuration list for PBXNativeTarget "DebugScreenTests" */ = {
			isa = XCConfigurationList;
			buildConfigurations = (
				A48C76592850F828004FFAAB /* Debug */,
				A48C765A2850F828004FFAAB /* Release */,
			);
			defaultConfigurationIsVisible = 0;
			defaultConfigurationName = Release;
		};
/* End XCConfigurationList section */
	};
	rootObject = A48C76382850F828004FFAAB /* Project object */;
}
