// !$*UTF8*$!
{
	archiveVersion = 1;
	classes = {
	};
	objectVersion = 55;
	objects = {

/* Begin PBXBuildFile section */
		A40183572860714500D7F18B /* AppDelegate.swift in Sources */ = {isa = PBXBuildFile; fileRef = A40183562860714500D7F18B /* AppDelegate.swift */; };
		A40183592860714500D7F18B /* SceneDelegate.swift in Sources */ = {isa = PBXBuildFile; fileRef = A40183582860714500D7F18B /* SceneDelegate.swift */; };
		A401835B2860714500D7F18B /* StartViewController.swift in Sources */ = {isa = PBXBuildFile; fileRef = A401835A2860714500D7F18B /* StartViewController.swift */; };
		A401835E2860714500D7F18B /* Main.storyboard in Resources */ = {isa = PBXBuildFile; fileRef = A401835C2860714500D7F18B /* Main.storyboard */; };
		A40183602860714600D7F18B /* Assets.xcassets in Resources */ = {isa = PBXBuildFile; fileRef = A401835F2860714600D7F18B /* Assets.xcassets */; };
		A40183632860714600D7F18B /* LaunchScreen.storyboard in Resources */ = {isa = PBXBuildFile; fileRef = A40183612860714600D7F18B /* LaunchScreen.storyboard */; };
		A401836E2860714600D7F18B /* ExampleTests.swift in Sources */ = {isa = PBXBuildFile; fileRef = A401836D2860714600D7F18B /* ExampleTests.swift */; };
		A40183782860714600D7F18B /* ExampleUITests.swift in Sources */ = {isa = PBXBuildFile; fileRef = A40183772860714600D7F18B /* ExampleUITests.swift */; };
		A401837A2860714600D7F18B /* ExampleUITestsLaunchTests.swift in Sources */ = {isa = PBXBuildFile; fileRef = A40183792860714600D7F18B /* ExampleUITestsLaunchTests.swift */; };
		B214A15F2A266BEC0023AB61 /* ActionsSectionBuilder.swift in Sources */ = {isa = PBXBuildFile; fileRef = B214A15E2A266BEC0023AB61 /* ActionsSectionBuilder.swift */; };
		B214A1612A26708F0023AB61 /* TogglesSectionBuilder.swift in Sources */ = {isa = PBXBuildFile; fileRef = B214A1602A26708F0023AB61 /* TogglesSectionBuilder.swift */; };
		B214CDF22A2E0A9000FCA984 /* DebugScreenAction.swift in Sources */ = {isa = PBXBuildFile; fileRef = B214CDF12A2E0A9000FCA984 /* DebugScreenAction.swift */; };
		B250AFD32A4215A40083BB3B /* Colors.xcassets in Resources */ = {isa = PBXBuildFile; fileRef = B250AFD22A4215A40083BB3B /* Colors.xcassets */; };
		B250AFD52A42162E0083BB3B /* Assets.swift in Sources */ = {isa = PBXBuildFile; fileRef = B250AFD42A42162E0083BB3B /* Assets.swift */; };
		B250AFD72A42163B0083BB3B /* Colors.swift in Sources */ = {isa = PBXBuildFile; fileRef = B250AFD62A42163B0083BB3B /* Colors.swift */; };
		B27C87542A25275600D02E6D /* Strings.swift in Sources */ = {isa = PBXBuildFile; fileRef = B27C87532A25275600D02E6D /* Strings.swift */; };
		B28F98022A275B5D0089C032 /* ServerSelectionSectionBuilder.swift in Sources */ = {isa = PBXBuildFile; fileRef = B28F98012A275B5D0089C032 /* ServerSelectionSectionBuilder.swift */; };
		B28F98092A27B9C00089C032 /* CopiedTextSectionBuilder.swift in Sources */ = {isa = PBXBuildFile; fileRef = B28F98082A27B9C00089C032 /* CopiedTextSectionBuilder.swift */; };
		B28F980C2A27DA050089C032 /* UserDefaultsService.swift in Sources */ = {isa = PBXBuildFile; fileRef = B28F980B2A27DA050089C032 /* UserDefaultsService.swift */; };
		B28F980F2A27DA450089C032 /* UserDefaultsKeys.swift in Sources */ = {isa = PBXBuildFile; fileRef = B28F980E2A27DA450089C032 /* UserDefaultsKeys.swift */; };
		B293B1A02A24DB9500BA881A /* DebugScreenActionList.swift in Sources */ = {isa = PBXBuildFile; fileRef = B293B19F2A24DB9500BA881A /* DebugScreenActionList.swift */; };
		B293B1A22A24DBC700BA881A /* ServersSelectionList.swift in Sources */ = {isa = PBXBuildFile; fileRef = B293B1A12A24DBC700BA881A /* ServersSelectionList.swift */; };
		B293B1A42A24DBF600BA881A /* UserDefaultsFeatureToggle.swift in Sources */ = {isa = PBXBuildFile; fileRef = B293B1A32A24DBF600BA881A /* UserDefaultsFeatureToggle.swift */; };
		B293B1A62A24DC0700BA881A /* CopiedTextItem.swift in Sources */ = {isa = PBXBuildFile; fileRef = B293B1A52A24DC0700BA881A /* CopiedTextItem.swift */; };
		B293B1A92A24DE3300BA881A /* UIImage.swift in Sources */ = {isa = PBXBuildFile; fileRef = B293B1A82A24DE3300BA881A /* UIImage.swift */; };
		B293B1AB2A24DE4C00BA881A /* UIButton.swift in Sources */ = {isa = PBXBuildFile; fileRef = B293B1AA2A24DE4C00BA881A /* UIButton.swift */; };
		B29DB2C12A2CAF63008250B0 /* DestinationViewController.swift in Sources */ = {isa = PBXBuildFile; fileRef = B29DB2C02A2CAF63008250B0 /* DestinationViewController.swift */; };
		B2B778AC2A25214E00FEDBFD /* Localizable.strings in Resources */ = {isa = PBXBuildFile; fileRef = B2B778AE2A25214E00FEDBFD /* Localizable.strings */; };
		B2E9ED772A4B3130009106DB /* DebugScreen in Frameworks */ = {isa = PBXBuildFile; productRef = B2E9ED762A4B3130009106DB /* DebugScreen */; };
/* End PBXBuildFile section */

/* Begin PBXContainerItemProxy section */
		A401836A2860714600D7F18B /* PBXContainerItemProxy */ = {
			isa = PBXContainerItemProxy;
			containerPortal = A401834B2860714500D7F18B /* Project object */;
			proxyType = 1;
			remoteGlobalIDString = A40183522860714500D7F18B;
			remoteInfo = Example;
		};
		A40183742860714600D7F18B /* PBXContainerItemProxy */ = {
			isa = PBXContainerItemProxy;
			containerPortal = A401834B2860714500D7F18B /* Project object */;
			proxyType = 1;
			remoteGlobalIDString = A40183522860714500D7F18B;
			remoteInfo = Example;
		};
/* End PBXContainerItemProxy section */

/* Begin PBXFileReference section */
		A40183532860714500D7F18B /* Example.app */ = {isa = PBXFileReference; explicitFileType = wrapper.application; includeInIndex = 0; path = Example.app; sourceTree = BUILT_PRODUCTS_DIR; };
		A40183562860714500D7F18B /* AppDelegate.swift */ = {isa = PBXFileReference; lastKnownFileType = sourcecode.swift; path = AppDelegate.swift; sourceTree = "<group>"; };
		A40183582860714500D7F18B /* SceneDelegate.swift */ = {isa = PBXFileReference; lastKnownFileType = sourcecode.swift; path = SceneDelegate.swift; sourceTree = "<group>"; };
		A401835A2860714500D7F18B /* StartViewController.swift */ = {isa = PBXFileReference; lastKnownFileType = sourcecode.swift; path = StartViewController.swift; sourceTree = "<group>"; };
		A401835D2860714500D7F18B /* Base */ = {isa = PBXFileReference; lastKnownFileType = file.storyboard; name = Base; path = Base.lproj/Main.storyboard; sourceTree = "<group>"; };
		A401835F2860714600D7F18B /* Assets.xcassets */ = {isa = PBXFileReference; lastKnownFileType = folder.assetcatalog; path = Assets.xcassets; sourceTree = "<group>"; };
		A40183622860714600D7F18B /* Base */ = {isa = PBXFileReference; lastKnownFileType = file.storyboard; name = Base; path = Base.lproj/LaunchScreen.storyboard; sourceTree = "<group>"; };
		A40183642860714600D7F18B /* Info.plist */ = {isa = PBXFileReference; lastKnownFileType = text.plist.xml; path = Info.plist; sourceTree = "<group>"; };
		A40183692860714600D7F18B /* ExampleTests.xctest */ = {isa = PBXFileReference; explicitFileType = wrapper.cfbundle; includeInIndex = 0; path = ExampleTests.xctest; sourceTree = BUILT_PRODUCTS_DIR; };
		A401836D2860714600D7F18B /* ExampleTests.swift */ = {isa = PBXFileReference; lastKnownFileType = sourcecode.swift; path = ExampleTests.swift; sourceTree = "<group>"; };
		A40183732860714600D7F18B /* ExampleUITests.xctest */ = {isa = PBXFileReference; explicitFileType = wrapper.cfbundle; includeInIndex = 0; path = ExampleUITests.xctest; sourceTree = BUILT_PRODUCTS_DIR; };
		A40183772860714600D7F18B /* ExampleUITests.swift */ = {isa = PBXFileReference; lastKnownFileType = sourcecode.swift; path = ExampleUITests.swift; sourceTree = "<group>"; };
		A40183792860714600D7F18B /* ExampleUITestsLaunchTests.swift */ = {isa = PBXFileReference; lastKnownFileType = sourcecode.swift; path = ExampleUITestsLaunchTests.swift; sourceTree = "<group>"; };
		B214A15E2A266BEC0023AB61 /* ActionsSectionBuilder.swift */ = {isa = PBXFileReference; lastKnownFileType = sourcecode.swift; path = ActionsSectionBuilder.swift; sourceTree = "<group>"; };
		B214A1602A26708F0023AB61 /* TogglesSectionBuilder.swift */ = {isa = PBXFileReference; lastKnownFileType = sourcecode.swift; path = TogglesSectionBuilder.swift; sourceTree = "<group>"; };
		B214CDF12A2E0A9000FCA984 /* DebugScreenAction.swift */ = {isa = PBXFileReference; lastKnownFileType = sourcecode.swift; path = DebugScreenAction.swift; sourceTree = "<group>"; };
		B250AFD22A4215A40083BB3B /* Colors.xcassets */ = {isa = PBXFileReference; lastKnownFileType = folder.assetcatalog; path = Colors.xcassets; sourceTree = "<group>"; };
		B250AFD42A42162E0083BB3B /* Assets.swift */ = {isa = PBXFileReference; fileEncoding = 4; lastKnownFileType = sourcecode.swift; path = Assets.swift; sourceTree = "<group>"; };
		B250AFD62A42163B0083BB3B /* Colors.swift */ = {isa = PBXFileReference; lastKnownFileType = sourcecode.swift; path = Colors.swift; sourceTree = "<group>"; };
		B27C87532A25275600D02E6D /* Strings.swift */ = {isa = PBXFileReference; fileEncoding = 4; lastKnownFileType = sourcecode.swift; path = Strings.swift; sourceTree = "<group>"; };
		B28F98012A275B5D0089C032 /* ServerSelectionSectionBuilder.swift */ = {isa = PBXFileReference; lastKnownFileType = sourcecode.swift; path = ServerSelectionSectionBuilder.swift; sourceTree = "<group>"; };
		B28F98082A27B9C00089C032 /* CopiedTextSectionBuilder.swift */ = {isa = PBXFileReference; lastKnownFileType = sourcecode.swift; path = CopiedTextSectionBuilder.swift; sourceTree = "<group>"; };
		B28F980B2A27DA050089C032 /* UserDefaultsService.swift */ = {isa = PBXFileReference; lastKnownFileType = sourcecode.swift; path = UserDefaultsService.swift; sourceTree = "<group>"; };
		B28F980E2A27DA450089C032 /* UserDefaultsKeys.swift */ = {isa = PBXFileReference; lastKnownFileType = sourcecode.swift; path = UserDefaultsKeys.swift; sourceTree = "<group>"; };
		B293B19F2A24DB9500BA881A /* DebugScreenActionList.swift */ = {isa = PBXFileReference; lastKnownFileType = sourcecode.swift; path = DebugScreenActionList.swift; sourceTree = "<group>"; };
		B293B1A12A24DBC700BA881A /* ServersSelectionList.swift */ = {isa = PBXFileReference; lastKnownFileType = sourcecode.swift; path = ServersSelectionList.swift; sourceTree = "<group>"; };
		B293B1A32A24DBF600BA881A /* UserDefaultsFeatureToggle.swift */ = {isa = PBXFileReference; lastKnownFileType = sourcecode.swift; path = UserDefaultsFeatureToggle.swift; sourceTree = "<group>"; };
		B293B1A52A24DC0700BA881A /* CopiedTextItem.swift */ = {isa = PBXFileReference; lastKnownFileType = sourcecode.swift; path = CopiedTextItem.swift; sourceTree = "<group>"; };
		B293B1A82A24DE3300BA881A /* UIImage.swift */ = {isa = PBXFileReference; lastKnownFileType = sourcecode.swift; path = UIImage.swift; sourceTree = "<group>"; };
		B293B1AA2A24DE4C00BA881A /* UIButton.swift */ = {isa = PBXFileReference; lastKnownFileType = sourcecode.swift; path = UIButton.swift; sourceTree = "<group>"; };
		B29DB2C02A2CAF63008250B0 /* DestinationViewController.swift */ = {isa = PBXFileReference; lastKnownFileType = sourcecode.swift; path = DestinationViewController.swift; sourceTree = "<group>"; };
		B2B778A92A2520CD00FEDBFD /* ru */ = {isa = PBXFileReference; lastKnownFileType = file.storyboard; name = ru; path = ru.lproj/Main.storyboard; sourceTree = "<group>"; };
		B2B778AD2A25214E00FEDBFD /* en */ = {isa = PBXFileReference; lastKnownFileType = text.plist.strings; name = en; path = en.lproj/Localizable.strings; sourceTree = "<group>"; };
		B2B778AF2A25215100FEDBFD /* ru */ = {isa = PBXFileReference; lastKnownFileType = text.plist.strings; name = ru; path = ru.lproj/Localizable.strings; sourceTree = "<group>"; };
		B2E9ED742A4B30FA009106DB /* debug-screen-ios */ = {isa = PBXFileReference; lastKnownFileType = wrapper; name = "debug-screen-ios"; path = ..; sourceTree = "<group>"; };
/* End PBXFileReference section */

/* Begin PBXFrameworksBuildPhase section */
		A40183502860714500D7F18B /* Frameworks */ = {
			isa = PBXFrameworksBuildPhase;
			buildActionMask = 2147483647;
			files = (
				B2E9ED772A4B3130009106DB /* DebugScreen in Frameworks */,
			);
			runOnlyForDeploymentPostprocessing = 0;
		};
		A40183662860714600D7F18B /* Frameworks */ = {
			isa = PBXFrameworksBuildPhase;
			buildActionMask = 2147483647;
			files = (
			);
			runOnlyForDeploymentPostprocessing = 0;
		};
		A40183702860714600D7F18B /* Frameworks */ = {
			isa = PBXFrameworksBuildPhase;
			buildActionMask = 2147483647;
			files = (
			);
			runOnlyForDeploymentPostprocessing = 0;
		};
/* End PBXFrameworksBuildPhase section */

/* Begin PBXGroup section */
		A401834A2860714500D7F18B = {
			isa = PBXGroup;
			children = (
				A40183862860717600D7F18B /* Packages */,
				A40183552860714500D7F18B /* Example */,
				A401836C2860714600D7F18B /* ExampleTests */,
				A40183762860714600D7F18B /* ExampleUITests */,
				A40183542860714500D7F18B /* Products */,
				B2E9ED752A4B3130009106DB /* Frameworks */,
			);
			sourceTree = "<group>";
		};
		A40183542860714500D7F18B /* Products */ = {
			isa = PBXGroup;
			children = (
				A40183532860714500D7F18B /* Example.app */,
				A40183692860714600D7F18B /* ExampleTests.xctest */,
				A40183732860714600D7F18B /* ExampleUITests.xctest */,
			);
			name = Products;
			sourceTree = "<group>";
		};
		A40183552860714500D7F18B /* Example */ = {
			isa = PBXGroup;
			children = (
				B237FF6B2A291C890095FA33 /* App */,
				B237FF6F2A291EAC0095FA33 /* Library */,
				B28F980A2A27D9F50089C032 /* Services */,
				A40183612860714600D7F18B /* LaunchScreen.storyboard */,
				A401835C2860714500D7F18B /* Main.storyboard */,
				A401835A2860714500D7F18B /* StartViewController.swift */,
				B29DB2C02A2CAF63008250B0 /* DestinationViewController.swift */,
				A40183642860714600D7F18B /* Info.plist */,
			);
			path = Example;
			sourceTree = "<group>";
		};
		A401836C2860714600D7F18B /* ExampleTests */ = {
			isa = PBXGroup;
			children = (
				A401836D2860714600D7F18B /* ExampleTests.swift */,
			);
			path = ExampleTests;
			sourceTree = "<group>";
		};
		A40183762860714600D7F18B /* ExampleUITests */ = {
			isa = PBXGroup;
			children = (
				A40183772860714600D7F18B /* ExampleUITests.swift */,
				A40183792860714600D7F18B /* ExampleUITestsLaunchTests.swift */,
			);
			path = ExampleUITests;
			sourceTree = "<group>";
		};
		A40183862860717600D7F18B /* Packages */ = {
			isa = PBXGroup;
			children = (
				B2E9ED742A4B30FA009106DB /* debug-screen-ios */,
			);
			name = Packages;
			sourceTree = "<group>";
		};
		B237FF6B2A291C890095FA33 /* App */ = {
			isa = PBXGroup;
			children = (
				B237FF6C2A291CBC0095FA33 /* DebugScreenConfiguration */,
				A40183562860714500D7F18B /* AppDelegate.swift */,
				A40183582860714500D7F18B /* SceneDelegate.swift */,
			);
			path = App;
			sourceTree = "<group>";
		};
		B237FF6C2A291CBC0095FA33 /* DebugScreenConfiguration */ = {
			isa = PBXGroup;
			children = (
				B237FF6D2A291CEB0095FA33 /* Builders */,
				B237FF6E2A291CF10095FA33 /* Models */,
			);
			path = DebugScreenConfiguration;
			sourceTree = "<group>";
		};
		B237FF6D2A291CEB0095FA33 /* Builders */ = {
			isa = PBXGroup;
			children = (
				B214A15E2A266BEC0023AB61 /* ActionsSectionBuilder.swift */,
				B28F98082A27B9C00089C032 /* CopiedTextSectionBuilder.swift */,
				B28F98012A275B5D0089C032 /* ServerSelectionSectionBuilder.swift */,
				B214A1602A26708F0023AB61 /* TogglesSectionBuilder.swift */,
			);
			path = Builders;
			sourceTree = "<group>";
		};
		B237FF6E2A291CF10095FA33 /* Models */ = {
			isa = PBXGroup;
			children = (
				B293B1A52A24DC0700BA881A /* CopiedTextItem.swift */,
				B214CDF12A2E0A9000FCA984 /* DebugScreenAction.swift */,
				B293B19F2A24DB9500BA881A /* DebugScreenActionList.swift */,
				B293B1A12A24DBC700BA881A /* ServersSelectionList.swift */,
				B293B1A32A24DBF600BA881A /* UserDefaultsFeatureToggle.swift */,
			);
			path = Models;
			sourceTree = "<group>";
		};
		B237FF6F2A291EAC0095FA33 /* Library */ = {
			isa = PBXGroup;
			children = (
				B293B1A72A24DE1500BA881A /* Extensions */,
				B2B778B12A25268400FEDBFD /* Resources */,
			);
			path = Library;
			sourceTree = "<group>";
		};
		B250AFD12A4215970083BB3B /* Colors */ = {
			isa = PBXGroup;
			children = (
				B250AFD62A42163B0083BB3B /* Colors.swift */,
				B250AFD22A4215A40083BB3B /* Colors.xcassets */,
			);
			path = Colors;
			sourceTree = "<group>";
		};
		B27C87512A2526B000D02E6D /* Strings */ = {
			isa = PBXGroup;
			children = (
				B27C87532A25275600D02E6D /* Strings.swift */,
				B2B778AE2A25214E00FEDBFD /* Localizable.strings */,
			);
			path = Strings;
			sourceTree = "<group>";
		};
		B27C87522A2526E300D02E6D /* Images */ = {
			isa = PBXGroup;
			children = (
				B250AFD42A42162E0083BB3B /* Assets.swift */,
				A401835F2860714600D7F18B /* Assets.xcassets */,
			);
			path = Images;
			sourceTree = "<group>";
		};
		B28F980A2A27D9F50089C032 /* Services */ = {
			isa = PBXGroup;
			children = (
				B28F980D2A27DA260089C032 /* UserDefaultsService */,
			);
			path = Services;
			sourceTree = "<group>";
		};
		B28F980D2A27DA260089C032 /* UserDefaultsService */ = {
			isa = PBXGroup;
			children = (
				B28F980B2A27DA050089C032 /* UserDefaultsService.swift */,
				B28F980E2A27DA450089C032 /* UserDefaultsKeys.swift */,
			);
			path = UserDefaultsService;
			sourceTree = "<group>";
		};
		B293B1A72A24DE1500BA881A /* Extensions */ = {
			isa = PBXGroup;
			children = (
				B293B1AA2A24DE4C00BA881A /* UIButton.swift */,
				B293B1A82A24DE3300BA881A /* UIImage.swift */,
			);
			path = Extensions;
			sourceTree = "<group>";
		};
		B2B778B12A25268400FEDBFD /* Resources */ = {
			isa = PBXGroup;
			children = (
				B250AFD12A4215970083BB3B /* Colors */,
				B27C87522A2526E300D02E6D /* Images */,
				B27C87512A2526B000D02E6D /* Strings */,
			);
			path = Resources;
			sourceTree = "<group>";
		};
		B2E9ED752A4B3130009106DB /* Frameworks */ = {
			isa = PBXGroup;
			children = (
			);
			name = Frameworks;
			sourceTree = "<group>";
		};
/* End PBXGroup section */

/* Begin PBXNativeTarget section */
		A40183522860714500D7F18B /* Example */ = {
			isa = PBXNativeTarget;
			buildConfigurationList = A401837D2860714600D7F18B /* Build configuration list for PBXNativeTarget "Example" */;
			buildPhases = (
				B2B778B02A25249A00FEDBFD /* SwiftGen */,
				A401834F2860714500D7F18B /* Sources */,
				A40183502860714500D7F18B /* Frameworks */,
				A40183512860714500D7F18B /* Resources */,
				A4D337572863AB94002328F2 /* Swift Lint */,
			);
			buildRules = (
			);
			dependencies = (
			);
			name = Example;
			packageProductDependencies = (
				B2E9ED762A4B3130009106DB /* DebugScreen */,
			);
			productName = Example;
			productReference = A40183532860714500D7F18B /* Example.app */;
			productType = "com.apple.product-type.application";
		};
		A40183682860714600D7F18B /* ExampleTests */ = {
			isa = PBXNativeTarget;
			buildConfigurationList = A40183802860714600D7F18B /* Build configuration list for PBXNativeTarget "ExampleTests" */;
			buildPhases = (
				A40183652860714600D7F18B /* Sources */,
				A40183662860714600D7F18B /* Frameworks */,
				A40183672860714600D7F18B /* Resources */,
			);
			buildRules = (
			);
			dependencies = (
				A401836B2860714600D7F18B /* PBXTargetDependency */,
			);
			name = ExampleTests;
			productName = ExampleTests;
			productReference = A40183692860714600D7F18B /* ExampleTests.xctest */;
			productType = "com.apple.product-type.bundle.unit-test";
		};
		A40183722860714600D7F18B /* ExampleUITests */ = {
			isa = PBXNativeTarget;
			buildConfigurationList = A40183832860714600D7F18B /* Build configuration list for PBXNativeTarget "ExampleUITests" */;
			buildPhases = (
				A401836F2860714600D7F18B /* Sources */,
				A40183702860714600D7F18B /* Frameworks */,
				A40183712860714600D7F18B /* Resources */,
			);
			buildRules = (
			);
			dependencies = (
				A40183752860714600D7F18B /* PBXTargetDependency */,
			);
			name = ExampleUITests;
			productName = ExampleUITests;
			productReference = A40183732860714600D7F18B /* ExampleUITests.xctest */;
			productType = "com.apple.product-type.bundle.ui-testing";
		};
/* End PBXNativeTarget section */

/* Begin PBXProject section */
		A401834B2860714500D7F18B /* Project object */ = {
			isa = PBXProject;
			attributes = {
				BuildIndependentTargetsInParallel = 1;
				LastSwiftUpdateCheck = 1340;
				LastUpgradeCheck = 1340;
				TargetAttributes = {
					A40183522860714500D7F18B = {
						CreatedOnToolsVersion = 13.4.1;
					};
					A40183682860714600D7F18B = {
						CreatedOnToolsVersion = 13.4.1;
						TestTargetID = A40183522860714500D7F18B;
					};
					A40183722860714600D7F18B = {
						CreatedOnToolsVersion = 13.4.1;
						TestTargetID = A40183522860714500D7F18B;
					};
				};
			};
			buildConfigurationList = A401834E2860714500D7F18B /* Build configuration list for PBXProject "Example" */;
			compatibilityVersion = "Xcode 13.0";
			developmentRegion = en;
			hasScannedForEncodings = 0;
			knownRegions = (
				en,
				Base,
				ru,
			);
			mainGroup = A401834A2860714500D7F18B;
			productRefGroup = A40183542860714500D7F18B /* Products */;
			projectDirPath = "";
			projectRoot = "";
			targets = (
				A40183522860714500D7F18B /* Example */,
				A40183682860714600D7F18B /* ExampleTests */,
				A40183722860714600D7F18B /* ExampleUITests */,
			);
		};
/* End PBXProject section */

/* Begin PBXResourcesBuildPhase section */
		A40183512860714500D7F18B /* Resources */ = {
			isa = PBXResourcesBuildPhase;
			buildActionMask = 2147483647;
			files = (
				B250AFD32A4215A40083BB3B /* Colors.xcassets in Resources */,
				A40183632860714600D7F18B /* LaunchScreen.storyboard in Resources */,
				B2B778AC2A25214E00FEDBFD /* Localizable.strings in Resources */,
				A40183602860714600D7F18B /* Assets.xcassets in Resources */,
				A401835E2860714500D7F18B /* Main.storyboard in Resources */,
			);
			runOnlyForDeploymentPostprocessing = 0;
		};
		A40183672860714600D7F18B /* Resources */ = {
			isa = PBXResourcesBuildPhase;
			buildActionMask = 2147483647;
			files = (
			);
			runOnlyForDeploymentPostprocessing = 0;
		};
		A40183712860714600D7F18B /* Resources */ = {
			isa = PBXResourcesBuildPhase;
			buildActionMask = 2147483647;
			files = (
			);
			runOnlyForDeploymentPostprocessing = 0;
		};
/* End PBXResourcesBuildPhase section */

/* Begin PBXShellScriptBuildPhase section */
		A4D337572863AB94002328F2 /* Swift Lint */ = {
			isa = PBXShellScriptBuildPhase;
			buildActionMask = 2147483647;
			files = (
			);
			inputFileListPaths = (
			);
			inputPaths = (
			);
			name = "Swift Lint";
			outputFileListPaths = (
			);
			outputPaths = (
			);
			runOnlyForDeploymentPostprocessing = 0;
			shellPath = /bin/sh;
			shellScript = "\"${PROJECT_DIR}/../BuildTools/swiftlint_0_47_1\" --config ${SRCROOT}/.swiftlint.yml\n";
		};
		B2B778B02A25249A00FEDBFD /* SwiftGen */ = {
			isa = PBXShellScriptBuildPhase;
			buildActionMask = 2147483647;
			files = (
			);
			inputFileListPaths = (
			);
			inputPaths = (
			);
			name = SwiftGen;
			outputFileListPaths = (
			);
			outputPaths = (
			);
			runOnlyForDeploymentPostprocessing = 0;
			shellPath = /bin/sh;
			shellScript = "\"${PROJECT_DIR}/../BuildTools/swiftgen\" config run --config ${SRCROOT}/.swiftgen.yml\n";
		};
/* End PBXShellScriptBuildPhase section */

/* Begin PBXSourcesBuildPhase section */
		A401834F2860714500D7F18B /* Sources */ = {
			isa = PBXSourcesBuildPhase;
			buildActionMask = 2147483647;
			files = (
				B293B1A62A24DC0700BA881A /* CopiedTextItem.swift in Sources */,
				B250AFD72A42163B0083BB3B /* Colors.swift in Sources */,
				B293B1A92A24DE3300BA881A /* UIImage.swift in Sources */,
				B250AFD52A42162E0083BB3B /* Assets.swift in Sources */,
				B28F98092A27B9C00089C032 /* CopiedTextSectionBuilder.swift in Sources */,
				B214CDF22A2E0A9000FCA984 /* DebugScreenAction.swift in Sources */,
				A401835B2860714500D7F18B /* StartViewController.swift in Sources */,
				B28F980F2A27DA450089C032 /* UserDefaultsKeys.swift in Sources */,
				B28F98022A275B5D0089C032 /* ServerSelectionSectionBuilder.swift in Sources */,
				B214A1612A26708F0023AB61 /* TogglesSectionBuilder.swift in Sources */,
				A40183572860714500D7F18B /* AppDelegate.swift in Sources */,
				B27C87542A25275600D02E6D /* Strings.swift in Sources */,
				B29DB2C12A2CAF63008250B0 /* DestinationViewController.swift in Sources */,
				A40183592860714500D7F18B /* SceneDelegate.swift in Sources */,
				B214A15F2A266BEC0023AB61 /* ActionsSectionBuilder.swift in Sources */,
				B293B1A22A24DBC700BA881A /* ServersSelectionList.swift in Sources */,
				B293B1A02A24DB9500BA881A /* DebugScreenActionList.swift in Sources */,
				B28F980C2A27DA050089C032 /* UserDefaultsService.swift in Sources */,
				B293B1A42A24DBF600BA881A /* UserDefaultsFeatureToggle.swift in Sources */,
				B293B1AB2A24DE4C00BA881A /* UIButton.swift in Sources */,
			);
			runOnlyForDeploymentPostprocessing = 0;
		};
		A40183652860714600D7F18B /* Sources */ = {
			isa = PBXSourcesBuildPhase;
			buildActionMask = 2147483647;
			files = (
				A401836E2860714600D7F18B /* ExampleTests.swift in Sources */,
			);
			runOnlyForDeploymentPostprocessing = 0;
		};
		A401836F2860714600D7F18B /* Sources */ = {
			isa = PBXSourcesBuildPhase;
			buildActionMask = 2147483647;
			files = (
				A40183782860714600D7F18B /* ExampleUITests.swift in Sources */,
				A401837A2860714600D7F18B /* ExampleUITestsLaunchTests.swift in Sources */,
			);
			runOnlyForDeploymentPostprocessing = 0;
		};
/* End PBXSourcesBuildPhase section */

/* Begin PBXTargetDependency section */
		A401836B2860714600D7F18B /* PBXTargetDependency */ = {
			isa = PBXTargetDependency;
			target = A40183522860714500D7F18B /* Example */;
			targetProxy = A401836A2860714600D7F18B /* PBXContainerItemProxy */;
		};
		A40183752860714600D7F18B /* PBXTargetDependency */ = {
			isa = PBXTargetDependency;
			target = A40183522860714500D7F18B /* Example */;
			targetProxy = A40183742860714600D7F18B /* PBXContainerItemProxy */;
		};
/* End PBXTargetDependency section */

/* Begin PBXVariantGroup section */
		A401835C2860714500D7F18B /* Main.storyboard */ = {
			isa = PBXVariantGroup;
			children = (
				A401835D2860714500D7F18B /* Base */,
				B2B778A92A2520CD00FEDBFD /* ru */,
			);
			name = Main.storyboard;
			sourceTree = "<group>";
		};
		A40183612860714600D7F18B /* LaunchScreen.storyboard */ = {
			isa = PBXVariantGroup;
			children = (
				A40183622860714600D7F18B /* Base */,
			);
			name = LaunchScreen.storyboard;
			sourceTree = "<group>";
		};
		B2B778AE2A25214E00FEDBFD /* Localizable.strings */ = {
			isa = PBXVariantGroup;
			children = (
				B2B778AD2A25214E00FEDBFD /* en */,
				B2B778AF2A25215100FEDBFD /* ru */,
			);
			name = Localizable.strings;
			sourceTree = "<group>";
		};
/* End PBXVariantGroup section */

/* Begin XCBuildConfiguration section */
		A401837B2860714600D7F18B /* Debug */ = {
			isa = XCBuildConfiguration;
			buildSettings = {
				ALWAYS_SEARCH_USER_PATHS = NO;
				CLANG_ANALYZER_LOCALIZABILITY_NONLOCALIZED = YES;
				CLANG_ANALYZER_NONNULL = YES;
				CLANG_ANALYZER_NUMBER_OBJECT_CONVERSION = YES_AGGRESSIVE;
				CLANG_CXX_LANGUAGE_STANDARD = "gnu++17";
				CLANG_ENABLE_MODULES = YES;
				CLANG_ENABLE_OBJC_ARC = YES;
				CLANG_ENABLE_OBJC_WEAK = YES;
				CLANG_WARN_BLOCK_CAPTURE_AUTORELEASING = YES;
				CLANG_WARN_BOOL_CONVERSION = YES;
				CLANG_WARN_COMMA = YES;
				CLANG_WARN_CONSTANT_CONVERSION = YES;
				CLANG_WARN_DEPRECATED_OBJC_IMPLEMENTATIONS = YES;
				CLANG_WARN_DIRECT_OBJC_ISA_USAGE = YES_ERROR;
				CLANG_WARN_DOCUMENTATION_COMMENTS = YES;
				CLANG_WARN_EMPTY_BODY = YES;
				CLANG_WARN_ENUM_CONVERSION = YES;
				CLANG_WARN_INFINITE_RECURSION = YES;
				CLANG_WARN_INT_CONVERSION = YES;
				CLANG_WARN_NON_LITERAL_NULL_CONVERSION = YES;
				CLANG_WARN_OBJC_IMPLICIT_RETAIN_SELF = YES;
				CLANG_WARN_OBJC_LITERAL_CONVERSION = YES;
				CLANG_WARN_OBJC_ROOT_CLASS = YES_ERROR;
				CLANG_WARN_QUOTED_INCLUDE_IN_FRAMEWORK_HEADER = YES;
				CLANG_WARN_RANGE_LOOP_ANALYSIS = YES;
				CLANG_WARN_STRICT_PROTOTYPES = YES;
				CLANG_WARN_SUSPICIOUS_MOVE = YES;
				CLANG_WARN_UNGUARDED_AVAILABILITY = YES_AGGRESSIVE;
				CLANG_WARN_UNREACHABLE_CODE = YES;
				CLANG_WARN__DUPLICATE_METHOD_MATCH = YES;
				COPY_PHASE_STRIP = NO;
				DEBUG_INFORMATION_FORMAT = dwarf;
				ENABLE_STRICT_OBJC_MSGSEND = YES;
				ENABLE_TESTABILITY = YES;
				GCC_C_LANGUAGE_STANDARD = gnu11;
				GCC_DYNAMIC_NO_PIC = NO;
				GCC_NO_COMMON_BLOCKS = YES;
				GCC_OPTIMIZATION_LEVEL = 0;
				GCC_PREPROCESSOR_DEFINITIONS = (
					"DEBUG=1",
					"$(inherited)",
				);
				GCC_WARN_64_TO_32_BIT_CONVERSION = YES;
				GCC_WARN_ABOUT_RETURN_TYPE = YES_ERROR;
				GCC_WARN_UNDECLARED_SELECTOR = YES;
				GCC_WARN_UNINITIALIZED_AUTOS = YES_AGGRESSIVE;
				GCC_WARN_UNUSED_FUNCTION = YES;
				GCC_WARN_UNUSED_VARIABLE = YES;
				IPHONEOS_DEPLOYMENT_TARGET = 13.0;
				MTL_ENABLE_DEBUG_INFO = INCLUDE_SOURCE;
				MTL_FAST_MATH = YES;
				ONLY_ACTIVE_ARCH = YES;
				SDKROOT = iphoneos;
				SWIFT_ACTIVE_COMPILATION_CONDITIONS = DEBUG;
				SWIFT_OPTIMIZATION_LEVEL = "-Onone";
			};
			name = Debug;
		};
		A401837C2860714600D7F18B /* Release */ = {
			isa = XCBuildConfiguration;
			buildSettings = {
				ALWAYS_SEARCH_USER_PATHS = NO;
				CLANG_ANALYZER_LOCALIZABILITY_NONLOCALIZED = YES;
				CLANG_ANALYZER_NONNULL = YES;
				CLANG_ANALYZER_NUMBER_OBJECT_CONVERSION = YES_AGGRESSIVE;
				CLANG_CXX_LANGUAGE_STANDARD = "gnu++17";
				CLANG_ENABLE_MODULES = YES;
				CLANG_ENABLE_OBJC_ARC = YES;
				CLANG_ENABLE_OBJC_WEAK = YES;
				CLANG_WARN_BLOCK_CAPTURE_AUTORELEASING = YES;
				CLANG_WARN_BOOL_CONVERSION = YES;
				CLANG_WARN_COMMA = YES;
				CLANG_WARN_CONSTANT_CONVERSION = YES;
				CLANG_WARN_DEPRECATED_OBJC_IMPLEMENTATIONS = YES;
				CLANG_WARN_DIRECT_OBJC_ISA_USAGE = YES_ERROR;
				CLANG_WARN_DOCUMENTATION_COMMENTS = YES;
				CLANG_WARN_EMPTY_BODY = YES;
				CLANG_WARN_ENUM_CONVERSION = YES;
				CLANG_WARN_INFINITE_RECURSION = YES;
				CLANG_WARN_INT_CONVERSION = YES;
				CLANG_WARN_NON_LITERAL_NULL_CONVERSION = YES;
				CLANG_WARN_OBJC_IMPLICIT_RETAIN_SELF = YES;
				CLANG_WARN_OBJC_LITERAL_CONVERSION = YES;
				CLANG_WARN_OBJC_ROOT_CLASS = YES_ERROR;
				CLANG_WARN_QUOTED_INCLUDE_IN_FRAMEWORK_HEADER = YES;
				CLANG_WARN_RANGE_LOOP_ANALYSIS = YES;
				CLANG_WARN_STRICT_PROTOTYPES = YES;
				CLANG_WARN_SUSPICIOUS_MOVE = YES;
				CLANG_WARN_UNGUARDED_AVAILABILITY = YES_AGGRESSIVE;
				CLANG_WARN_UNREACHABLE_CODE = YES;
				CLANG_WARN__DUPLICATE_METHOD_MATCH = YES;
				COPY_PHASE_STRIP = NO;
				DEBUG_INFORMATION_FORMAT = "dwarf-with-dsym";
				ENABLE_NS_ASSERTIONS = NO;
				ENABLE_STRICT_OBJC_MSGSEND = YES;
				GCC_C_LANGUAGE_STANDARD = gnu11;
				GCC_NO_COMMON_BLOCKS = YES;
				GCC_WARN_64_TO_32_BIT_CONVERSION = YES;
				GCC_WARN_ABOUT_RETURN_TYPE = YES_ERROR;
				GCC_WARN_UNDECLARED_SELECTOR = YES;
				GCC_WARN_UNINITIALIZED_AUTOS = YES_AGGRESSIVE;
				GCC_WARN_UNUSED_FUNCTION = YES;
				GCC_WARN_UNUSED_VARIABLE = YES;
				IPHONEOS_DEPLOYMENT_TARGET = 13.0;
				MTL_ENABLE_DEBUG_INFO = NO;
				MTL_FAST_MATH = YES;
				SDKROOT = iphoneos;
				SWIFT_COMPILATION_MODE = wholemodule;
				SWIFT_OPTIMIZATION_LEVEL = "-O";
				VALIDATE_PRODUCT = YES;
			};
			name = Release;
		};
		A401837E2860714600D7F18B /* Debug */ = {
			isa = XCBuildConfiguration;
			buildSettings = {
				ASSETCATALOG_COMPILER_APPICON_NAME = AppIcon;
				ASSETCATALOG_COMPILER_GLOBAL_ACCENT_COLOR_NAME = AccentColor;
				CODE_SIGN_IDENTITY = "Apple Development";
				CODE_SIGN_STYLE = Manual;
				CURRENT_PROJECT_VERSION = 1;
				DEVELOPMENT_TEAM = "";
				GENERATE_INFOPLIST_FILE = YES;
				INFOPLIST_FILE = Example/Info.plist;
				INFOPLIST_KEY_CFBundleDisplayName = "DebugScreen Example";
				INFOPLIST_KEY_UIApplicationSupportsIndirectInputEvents = YES;
				INFOPLIST_KEY_UILaunchStoryboardName = LaunchScreen;
				INFOPLIST_KEY_UIMainStoryboardFile = Main;
				INFOPLIST_KEY_UISupportedInterfaceOrientations_iPad = "UIInterfaceOrientationPortrait UIInterfaceOrientationPortraitUpsideDown UIInterfaceOrientationLandscapeLeft UIInterfaceOrientationLandscapeRight";
				INFOPLIST_KEY_UISupportedInterfaceOrientations_iPhone = "UIInterfaceOrientationPortrait UIInterfaceOrientationLandscapeLeft UIInterfaceOrientationLandscapeRight";
				IPHONEOS_DEPLOYMENT_TARGET = 13.0;
				LD_RUNPATH_SEARCH_PATHS = (
					"$(inherited)",
					"@executable_path/Frameworks",
				);
				MARKETING_VERSION = 1.0;
				PRODUCT_BUNDLE_IDENTIFIER = ru.surfstudio.debugscreen.Example;
				PRODUCT_NAME = "$(TARGET_NAME)";
				PROVISIONING_PROFILE_SPECIFIER = "";
				SWIFT_EMIT_LOC_STRINGS = YES;
				SWIFT_VERSION = 5.0;
				TARGETED_DEVICE_FAMILY = "1,2";
			};
			name = Debug;
		};
		A401837F2860714600D7F18B /* Release */ = {
			isa = XCBuildConfiguration;
			buildSettings = {
				ASSETCATALOG_COMPILER_APPICON_NAME = AppIcon;
				ASSETCATALOG_COMPILER_GLOBAL_ACCENT_COLOR_NAME = AccentColor;
				CODE_SIGN_STYLE = Manual;
				CURRENT_PROJECT_VERSION = 1;
				DEVELOPMENT_TEAM = "";
				GENERATE_INFOPLIST_FILE = YES;
				INFOPLIST_FILE = Example/Info.plist;
				INFOPLIST_KEY_CFBundleDisplayName = "DebugScreen Example";
				INFOPLIST_KEY_UIApplicationSupportsIndirectInputEvents = YES;
				INFOPLIST_KEY_UILaunchStoryboardName = LaunchScreen;
				INFOPLIST_KEY_UIMainStoryboardFile = Main;
				INFOPLIST_KEY_UISupportedInterfaceOrientations_iPad = "UIInterfaceOrientationPortrait UIInterfaceOrientationPortraitUpsideDown UIInterfaceOrientationLandscapeLeft UIInterfaceOrientationLandscapeRight";
				INFOPLIST_KEY_UISupportedInterfaceOrientations_iPhone = "UIInterfaceOrientationPortrait UIInterfaceOrientationLandscapeLeft UIInterfaceOrientationLandscapeRight";
				IPHONEOS_DEPLOYMENT_TARGET = 13.0;
				LD_RUNPATH_SEARCH_PATHS = (
					"$(inherited)",
					"@executable_path/Frameworks",
				);
				MARKETING_VERSION = 1.0;
				PRODUCT_BUNDLE_IDENTIFIER = ru.surfstudio.debugscreen.Example;
				PRODUCT_NAME = "$(TARGET_NAME)";
				PROVISIONING_PROFILE_SPECIFIER = "";
				SWIFT_EMIT_LOC_STRINGS = YES;
				SWIFT_VERSION = 5.0;
				TARGETED_DEVICE_FAMILY = "1,2";
			};
			name = Release;
		};
		A40183812860714600D7F18B /* Debug */ = {
			isa = XCBuildConfiguration;
			buildSettings = {
				ALWAYS_EMBED_SWIFT_STANDARD_LIBRARIES = YES;
				BUNDLE_LOADER = "$(TEST_HOST)";
				CODE_SIGN_STYLE = Manual;
				CURRENT_PROJECT_VERSION = 1;
				DEVELOPMENT_TEAM = "";
				GENERATE_INFOPLIST_FILE = YES;
				IPHONEOS_DEPLOYMENT_TARGET = 13.0;
				MARKETING_VERSION = 1.0;
				PRODUCT_BUNDLE_IDENTIFIER = ru.surfstudio.ExampleTests;
				PRODUCT_NAME = "$(TARGET_NAME)";
				PROVISIONING_PROFILE_SPECIFIER = "";
				"PROVISIONING_PROFILE_SPECIFIER[sdk=macosx*]" = "";
				SWIFT_EMIT_LOC_STRINGS = NO;
				SWIFT_VERSION = 5.0;
				TARGETED_DEVICE_FAMILY = "1,2";
				TEST_HOST = "$(BUILT_PRODUCTS_DIR)/Example.app/Example";
			};
			name = Debug;
		};
		A40183822860714600D7F18B /* Release */ = {
			isa = XCBuildConfiguration;
			buildSettings = {
				ALWAYS_EMBED_SWIFT_STANDARD_LIBRARIES = YES;
				BUNDLE_LOADER = "$(TEST_HOST)";
				CODE_SIGN_STYLE = Manual;
				CURRENT_PROJECT_VERSION = 1;
				DEVELOPMENT_TEAM = "";
				GENERATE_INFOPLIST_FILE = YES;
				IPHONEOS_DEPLOYMENT_TARGET = 13.0;
				MARKETING_VERSION = 1.0;
				PRODUCT_BUNDLE_IDENTIFIER = ru.surfstudio.ExampleTests;
				PRODUCT_NAME = "$(TARGET_NAME)";
				PROVISIONING_PROFILE_SPECIFIER = "";
				"PROVISIONING_PROFILE_SPECIFIER[sdk=macosx*]" = "";
				SWIFT_EMIT_LOC_STRINGS = NO;
				SWIFT_VERSION = 5.0;
				TARGETED_DEVICE_FAMILY = "1,2";
				TEST_HOST = "$(BUILT_PRODUCTS_DIR)/Example.app/Example";
			};
			name = Release;
		};
		A40183842860714600D7F18B /* Debug */ = {
			isa = XCBuildConfiguration;
			buildSettings = {
				ALWAYS_EMBED_SWIFT_STANDARD_LIBRARIES = YES;
				CODE_SIGN_STYLE = Manual;
				CURRENT_PROJECT_VERSION = 1;
				DEVELOPMENT_TEAM = "";
				GENERATE_INFOPLIST_FILE = YES;
				MARKETING_VERSION = 1.0;
				PRODUCT_BUNDLE_IDENTIFIER = ru.surfstudio.ExampleUITests;
				PRODUCT_NAME = "$(TARGET_NAME)";
				PROVISIONING_PROFILE_SPECIFIER = "";
				"PROVISIONING_PROFILE_SPECIFIER[sdk=macosx*]" = "";
				SWIFT_EMIT_LOC_STRINGS = NO;
				SWIFT_VERSION = 5.0;
				TARGETED_DEVICE_FAMILY = "1,2";
				TEST_TARGET_NAME = Example;
			};
			name = Debug;
		};
		A40183852860714600D7F18B /* Release */ = {
			isa = XCBuildConfiguration;
			buildSettings = {
				ALWAYS_EMBED_SWIFT_STANDARD_LIBRARIES = YES;
				CODE_SIGN_STYLE = Automatic;
				CURRENT_PROJECT_VERSION = 1;
				DEVELOPMENT_TEAM = 7HNL3338TZ;
				GENERATE_INFOPLIST_FILE = YES;
				MARKETING_VERSION = 1.0;
				PRODUCT_BUNDLE_IDENTIFIER = ru.surfstudio.ExampleUITests;
				PRODUCT_NAME = "$(TARGET_NAME)";
				SWIFT_EMIT_LOC_STRINGS = NO;
				SWIFT_VERSION = 5.0;
				TARGETED_DEVICE_FAMILY = "1,2";
				TEST_TARGET_NAME = Example;
			};
			name = Release;
		};
/* End XCBuildConfiguration section */

/* Begin XCConfigurationList section */
		A401834E2860714500D7F18B /* Build configuration list for PBXProject "Example" */ = {
			isa = XCConfigurationList;
			buildConfigurations = (
				A401837B2860714600D7F18B /* Debug */,
				A401837C2860714600D7F18B /* Release */,
			);
			defaultConfigurationIsVisible = 0;
			defaultConfigurationName = Release;
		};
		A401837D2860714600D7F18B /* Build configuration list for PBXNativeTarget "Example" */ = {
			isa = XCConfigurationList;
			buildConfigurations = (
				A401837E2860714600D7F18B /* Debug */,
				A401837F2860714600D7F18B /* Release */,
			);
			defaultConfigurationIsVisible = 0;
			defaultConfigurationName = Release;
		};
		A40183802860714600D7F18B /* Build configuration list for PBXNativeTarget "ExampleTests" */ = {
			isa = XCConfigurationList;
			buildConfigurations = (
				A40183812860714600D7F18B /* Debug */,
				A40183822860714600D7F18B /* Release */,
			);
			defaultConfigurationIsVisible = 0;
			defaultConfigurationName = Release;
		};
		A40183832860714600D7F18B /* Build configuration list for PBXNativeTarget "ExampleUITests" */ = {
			isa = XCConfigurationList;
			buildConfigurations = (
				A40183842860714600D7F18B /* Debug */,
				A40183852860714600D7F18B /* Release */,
			);
			defaultConfigurationIsVisible = 0;
			defaultConfigurationName = Release;
		};
/* End XCConfigurationList section */

/* Begin XCSwiftPackageProductDependency section */
		B2E9ED762A4B3130009106DB /* DebugScreen */ = {
			isa = XCSwiftPackageProductDependency;
			productName = DebugScreen;
		};
/* End XCSwiftPackageProductDependency section */
	};
	rootObject = A401834B2860714500D7F18B /* Project object */;
}
